// !$*UTF8*$!
{
	archiveVersion = 1;
	classes = {
	};
	objectVersion = 55;
	objects = {

/* Begin PBXBuildFile section */
		4F03A7E3F93F664E094552C6 /* Pods_PropertyHero.framework in Frameworks */ = {isa = PBXBuildFile; fileRef = E112FD19CC3546FD323A8D3D /* Pods_PropertyHero.framework */; };
		6E08B3042A7EAC8000C3EE35 /* APIUrls.swift in Sources */ = {isa = PBXBuildFile; fileRef = 6E08B3032A7EAC8000C3EE35 /* APIUrls.swift */; };
		6E08B3082A7EAC8000C3EE35 /* Entity.md in Resources */ = {isa = PBXBuildFile; fileRef = 6E08B3072A7EAC8000C3EE35 /* Entity.md */; };
		6E08B30B2A7EAC8000C3EE35 /* UseCase.md in Resources */ = {isa = PBXBuildFile; fileRef = 6E08B30A2A7EAC8000C3EE35 /* UseCase.md */; };
		6E08B30F2A7EAC8000C3EE35 /* APIError.swift in Sources */ = {isa = PBXBuildFile; fileRef = 6E08B30E2A7EAC8000C3EE35 /* APIError.swift */; };
		6E08B3112A7EAC8000C3EE35 /* APIInput.swift in Sources */ = {isa = PBXBuildFile; fileRef = 6E08B3102A7EAC8000C3EE35 /* APIInput.swift */; };
		6E08B3132A7EAC8000C3EE35 /* APIOutput.swift in Sources */ = {isa = PBXBuildFile; fileRef = 6E08B3122A7EAC8000C3EE35 /* APIOutput.swift */; };
		6E08B3152A7EAC8000C3EE35 /* APIService.swift in Sources */ = {isa = PBXBuildFile; fileRef = 6E08B3142A7EAC8000C3EE35 /* APIService.swift */; };
		6E08B3182A7EAC8000C3EE35 /* GatewaysAssembler.swift in Sources */ = {isa = PBXBuildFile; fileRef = 6E08B3172A7EAC8000C3EE35 /* GatewaysAssembler.swift */; };
		6E08B31B2A7EAC8000C3EE35 /* Storyboards.swift in Sources */ = {isa = PBXBuildFile; fileRef = 6E08B31A2A7EAC8000C3EE35 /* Storyboards.swift */; };
		6E08B31E2A7EAC8000C3EE35 /* AppAssembler.swift in Sources */ = {isa = PBXBuildFile; fileRef = 6E08B31D2A7EAC8000C3EE35 /* AppAssembler.swift */; };
		6E08B3202A7EAC8000C3EE35 /* AppNavigator.swift in Sources */ = {isa = PBXBuildFile; fileRef = 6E08B31F2A7EAC8000C3EE35 /* AppNavigator.swift */; };
		6E08B3222A7EAC8000C3EE35 /* AppUseCase.swift in Sources */ = {isa = PBXBuildFile; fileRef = 6E08B3212A7EAC8000C3EE35 /* AppUseCase.swift */; };
		6E08B3242A7EAC8000C3EE35 /* AppViewModel.swift in Sources */ = {isa = PBXBuildFile; fileRef = 6E08B3232A7EAC8000C3EE35 /* AppViewModel.swift */; };
		6E08B3272A7EAC8000C3EE35 /* Main.storyboard in Resources */ = {isa = PBXBuildFile; fileRef = 6E08B3262A7EAC8000C3EE35 /* Main.storyboard */; };
		6E08B3292A7EAC8000C3EE35 /* Storyboards+Main.swift in Sources */ = {isa = PBXBuildFile; fileRef = 6E08B3282A7EAC8000C3EE35 /* Storyboards+Main.swift */; };
		6E08B32B2A7EAC8000C3EE35 /* MainAssembler.swift in Sources */ = {isa = PBXBuildFile; fileRef = 6E08B32A2A7EAC8000C3EE35 /* MainAssembler.swift */; };
		6E08B32D2A7EAC8000C3EE35 /* MainNavigator.swift in Sources */ = {isa = PBXBuildFile; fileRef = 6E08B32C2A7EAC8000C3EE35 /* MainNavigator.swift */; };
		6E08B32F2A7EAC8000C3EE35 /* MainUseCase.swift in Sources */ = {isa = PBXBuildFile; fileRef = 6E08B32E2A7EAC8000C3EE35 /* MainUseCase.swift */; };
		6E08B3312A7EAC8000C3EE35 /* MainViewController.swift in Sources */ = {isa = PBXBuildFile; fileRef = 6E08B3302A7EAC8000C3EE35 /* MainViewController.swift */; };
		6E08B3332A7EAC8000C3EE35 /* MainViewModel.swift in Sources */ = {isa = PBXBuildFile; fileRef = 6E08B3322A7EAC8000C3EE35 /* MainViewModel.swift */; };
		6E08B3362A7EAC8000C3EE35 /* UIViewController+.swift in Sources */ = {isa = PBXBuildFile; fileRef = 6E08B3352A7EAC8000C3EE35 /* UIViewController+.swift */; };
		6E08B3382A7EAC8000C3EE35 /* UIViewController+Rx.swift in Sources */ = {isa = PBXBuildFile; fileRef = 6E08B3372A7EAC8000C3EE35 /* UIViewController+Rx.swift */; };
		6E08B33D2A7EAC8300C3EE35 /* LaunchScreen.storyboard in Resources */ = {isa = PBXBuildFile; fileRef = 6E08B33B2A7EAC8300C3EE35 /* LaunchScreen.storyboard */; };
		6EBC244A2A7EB8C900E58B2E /* Assets.xcassets in Resources */ = {isa = PBXBuildFile; fileRef = 6EBC24232A7EB8C900E58B2E /* Assets.xcassets */; };
		6EBC24502A7EB8C900E58B2E /* Assembler.swift in Sources */ = {isa = PBXBuildFile; fileRef = 6EBC242F2A7EB8C900E58B2E /* Assembler.swift */; };
		6EBC245E2A7EB8CA00E58B2E /* AppDelegate.swift in Sources */ = {isa = PBXBuildFile; fileRef = 6EBC24412A7EB8C900E58B2E /* AppDelegate.swift */; };
/* End PBXBuildFile section */

/* Begin PBXFileReference section */
		0273A0E7BE90C7DB1DAE3C45 /* Pods-PropertyHero.release.xcconfig */ = {isa = PBXFileReference; includeInIndex = 1; lastKnownFileType = text.xcconfig; name = "Pods-PropertyHero.release.xcconfig"; path = "Target Support Files/Pods-PropertyHero/Pods-PropertyHero.release.xcconfig"; sourceTree = "<group>"; };
		6E08B2F52A7EAC8000C3EE35 /* PropertyHero.app */ = {isa = PBXFileReference; explicitFileType = wrapper.application; includeInIndex = 0; path = PropertyHero.app; sourceTree = BUILT_PRODUCTS_DIR; };
		6E08B3032A7EAC8000C3EE35 /* APIUrls.swift */ = {isa = PBXFileReference; lastKnownFileType = sourcecode.swift; path = APIUrls.swift; sourceTree = "<group>"; };
		6E08B3072A7EAC8000C3EE35 /* Entity.md */ = {isa = PBXFileReference; lastKnownFileType = net.daringfireball.markdown; path = Entity.md; sourceTree = "<group>"; };
		6E08B30A2A7EAC8000C3EE35 /* UseCase.md */ = {isa = PBXFileReference; lastKnownFileType = net.daringfireball.markdown; path = UseCase.md; sourceTree = "<group>"; };
		6E08B30E2A7EAC8000C3EE35 /* APIError.swift */ = {isa = PBXFileReference; lastKnownFileType = sourcecode.swift; path = APIError.swift; sourceTree = "<group>"; };
		6E08B3102A7EAC8000C3EE35 /* APIInput.swift */ = {isa = PBXFileReference; lastKnownFileType = sourcecode.swift; path = APIInput.swift; sourceTree = "<group>"; };
		6E08B3122A7EAC8000C3EE35 /* APIOutput.swift */ = {isa = PBXFileReference; lastKnownFileType = sourcecode.swift; path = APIOutput.swift; sourceTree = "<group>"; };
		6E08B3142A7EAC8000C3EE35 /* APIService.swift */ = {isa = PBXFileReference; lastKnownFileType = sourcecode.swift; path = APIService.swift; sourceTree = "<group>"; };
		6E08B3172A7EAC8000C3EE35 /* GatewaysAssembler.swift */ = {isa = PBXFileReference; lastKnownFileType = sourcecode.swift; path = GatewaysAssembler.swift; sourceTree = "<group>"; };
		6E08B31A2A7EAC8000C3EE35 /* Storyboards.swift */ = {isa = PBXFileReference; lastKnownFileType = sourcecode.swift; path = Storyboards.swift; sourceTree = "<group>"; };
		6E08B31D2A7EAC8000C3EE35 /* AppAssembler.swift */ = {isa = PBXFileReference; lastKnownFileType = sourcecode.swift; path = AppAssembler.swift; sourceTree = "<group>"; };
		6E08B31F2A7EAC8000C3EE35 /* AppNavigator.swift */ = {isa = PBXFileReference; lastKnownFileType = sourcecode.swift; path = AppNavigator.swift; sourceTree = "<group>"; };
		6E08B3212A7EAC8000C3EE35 /* AppUseCase.swift */ = {isa = PBXFileReference; lastKnownFileType = sourcecode.swift; path = AppUseCase.swift; sourceTree = "<group>"; };
		6E08B3232A7EAC8000C3EE35 /* AppViewModel.swift */ = {isa = PBXFileReference; lastKnownFileType = sourcecode.swift; path = AppViewModel.swift; sourceTree = "<group>"; };
		6E08B3262A7EAC8000C3EE35 /* Main.storyboard */ = {isa = PBXFileReference; lastKnownFileType = file.storyboard; path = Main.storyboard; sourceTree = "<group>"; };
		6E08B3282A7EAC8000C3EE35 /* Storyboards+Main.swift */ = {isa = PBXFileReference; lastKnownFileType = sourcecode.swift; path = "Storyboards+Main.swift"; sourceTree = "<group>"; };
		6E08B32A2A7EAC8000C3EE35 /* MainAssembler.swift */ = {isa = PBXFileReference; lastKnownFileType = sourcecode.swift; path = MainAssembler.swift; sourceTree = "<group>"; };
		6E08B32C2A7EAC8000C3EE35 /* MainNavigator.swift */ = {isa = PBXFileReference; lastKnownFileType = sourcecode.swift; path = MainNavigator.swift; sourceTree = "<group>"; };
		6E08B32E2A7EAC8000C3EE35 /* MainUseCase.swift */ = {isa = PBXFileReference; lastKnownFileType = sourcecode.swift; path = MainUseCase.swift; sourceTree = "<group>"; };
		6E08B3302A7EAC8000C3EE35 /* MainViewController.swift */ = {isa = PBXFileReference; lastKnownFileType = sourcecode.swift; path = MainViewController.swift; sourceTree = "<group>"; };
		6E08B3322A7EAC8000C3EE35 /* MainViewModel.swift */ = {isa = PBXFileReference; lastKnownFileType = sourcecode.swift; path = MainViewModel.swift; sourceTree = "<group>"; };
		6E08B3352A7EAC8000C3EE35 /* UIViewController+.swift */ = {isa = PBXFileReference; lastKnownFileType = sourcecode.swift; path = "UIViewController+.swift"; sourceTree = "<group>"; };
		6E08B3372A7EAC8000C3EE35 /* UIViewController+Rx.swift */ = {isa = PBXFileReference; lastKnownFileType = sourcecode.swift; path = "UIViewController+Rx.swift"; sourceTree = "<group>"; };
		6E08B33C2A7EAC8300C3EE35 /* Base */ = {isa = PBXFileReference; lastKnownFileType = file.storyboard; name = Base; path = Base.lproj/LaunchScreen.storyboard; sourceTree = "<group>"; };
		6EBC24232A7EB8C900E58B2E /* Assets.xcassets */ = {isa = PBXFileReference; lastKnownFileType = folder.assetcatalog; path = Assets.xcassets; sourceTree = "<group>"; };
		6EBC242F2A7EB8C900E58B2E /* Assembler.swift */ = {isa = PBXFileReference; fileEncoding = 4; lastKnownFileType = sourcecode.swift; path = Assembler.swift; sourceTree = "<group>"; };
		6EBC24412A7EB8C900E58B2E /* AppDelegate.swift */ = {isa = PBXFileReference; fileEncoding = 4; lastKnownFileType = sourcecode.swift; path = AppDelegate.swift; sourceTree = "<group>"; };
		A984F581DE5D708779DAF076 /* Pods-PropertyHero.debug.xcconfig */ = {isa = PBXFileReference; includeInIndex = 1; lastKnownFileType = text.xcconfig; name = "Pods-PropertyHero.debug.xcconfig"; path = "Target Support Files/Pods-PropertyHero/Pods-PropertyHero.debug.xcconfig"; sourceTree = "<group>"; };
		E112FD19CC3546FD323A8D3D /* Pods_PropertyHero.framework */ = {isa = PBXFileReference; explicitFileType = wrapper.framework; includeInIndex = 0; path = Pods_PropertyHero.framework; sourceTree = BUILT_PRODUCTS_DIR; };
/* End PBXFileReference section */

/* Begin PBXFrameworksBuildPhase section */
		6E08B2F22A7EAC8000C3EE35 /* Frameworks */ = {
			isa = PBXFrameworksBuildPhase;
			buildActionMask = 2147483647;
			files = (
				4F03A7E3F93F664E094552C6 /* Pods_PropertyHero.framework in Frameworks */,
			);
			runOnlyForDeploymentPostprocessing = 0;
		};
/* End PBXFrameworksBuildPhase section */

/* Begin PBXGroup section */
		21D9634D881B251AD5564C5E /* Pods */ = {
			isa = PBXGroup;
			children = (
				A984F581DE5D708779DAF076 /* Pods-PropertyHero.debug.xcconfig */,
				0273A0E7BE90C7DB1DAE3C45 /* Pods-PropertyHero.release.xcconfig */,
			);
			path = Pods;
			sourceTree = "<group>";
		};
		6E08B2EC2A7EAC8000C3EE35 = {
			isa = PBXGroup;
			children = (
				6E08B2F72A7EAC8000C3EE35 /* PropertyHero */,
				6E08B2F62A7EAC8000C3EE35 /* Products */,
				21D9634D881B251AD5564C5E /* Pods */,
				9886FDF07277817AF264ADE7 /* Frameworks */,
			);
			sourceTree = "<group>";
		};
		6E08B2F62A7EAC8000C3EE35 /* Products */ = {
			isa = PBXGroup;
			children = (
				6E08B2F52A7EAC8000C3EE35 /* PropertyHero.app */,
			);
			name = Products;
			sourceTree = "<group>";
		};
		6E08B2F72A7EAC8000C3EE35 /* PropertyHero */ = {
			isa = PBXGroup;
			children = (
				6E08B3022A7EAC8000C3EE35 /* Config */,
				6E08B3052A7EAC8000C3EE35 /* Domain */,
				6E08B30C2A7EAC8000C3EE35 /* Data */,
				6E08B3192A7EAC8000C3EE35 /* Scenes */,
				6E08B3342A7EAC8000C3EE35 /* Extensions */,
				6EBC24412A7EB8C900E58B2E /* AppDelegate.swift */,
				6EBC242F2A7EB8C900E58B2E /* Assembler.swift */,
				6EBC24232A7EB8C900E58B2E /* Assets.xcassets */,
				6E08B33B2A7EAC8300C3EE35 /* LaunchScreen.storyboard */,
			);
			path = PropertyHero;
			sourceTree = "<group>";
		};
		6E08B3022A7EAC8000C3EE35 /* Config */ = {
			isa = PBXGroup;
			children = (
				6E08B3032A7EAC8000C3EE35 /* APIUrls.swift */,
			);
			path = Config;
			sourceTree = "<group>";
		};
		6E08B3052A7EAC8000C3EE35 /* Domain */ = {
			isa = PBXGroup;
			children = (
				6E08B3062A7EAC8000C3EE35 /* Entities */,
				6E08B3092A7EAC8000C3EE35 /* UseCases */,
			);
			path = Domain;
			sourceTree = "<group>";
		};
		6E08B3062A7EAC8000C3EE35 /* Entities */ = {
			isa = PBXGroup;
			children = (
				6E08B3072A7EAC8000C3EE35 /* Entity.md */,
			);
			path = Entities;
			sourceTree = "<group>";
		};
		6E08B3092A7EAC8000C3EE35 /* UseCases */ = {
			isa = PBXGroup;
			children = (
				6E08B30A2A7EAC8000C3EE35 /* UseCase.md */,
			);
			path = UseCases;
			sourceTree = "<group>";
		};
		6E08B30C2A7EAC8000C3EE35 /* Data */ = {
			isa = PBXGroup;
			children = (
				6E08B30D2A7EAC8000C3EE35 /* API */,
				6E08B3162A7EAC8000C3EE35 /* Gateways */,
			);
			path = Data;
			sourceTree = "<group>";
		};
		6E08B30D2A7EAC8000C3EE35 /* API */ = {
			isa = PBXGroup;
			children = (
				6E08B30E2A7EAC8000C3EE35 /* APIError.swift */,
				6E08B3102A7EAC8000C3EE35 /* APIInput.swift */,
				6E08B3122A7EAC8000C3EE35 /* APIOutput.swift */,
				6E08B3142A7EAC8000C3EE35 /* APIService.swift */,
			);
			path = API;
			sourceTree = "<group>";
		};
		6E08B3162A7EAC8000C3EE35 /* Gateways */ = {
			isa = PBXGroup;
			children = (
				6E08B3172A7EAC8000C3EE35 /* GatewaysAssembler.swift */,
			);
			path = Gateways;
			sourceTree = "<group>";
		};
		6E08B3192A7EAC8000C3EE35 /* Scenes */ = {
			isa = PBXGroup;
			children = (
				6E08B31A2A7EAC8000C3EE35 /* Storyboards.swift */,
				6E08B31C2A7EAC8000C3EE35 /* App */,
				6E08B3252A7EAC8000C3EE35 /* Main */,
			);
			path = Scenes;
			sourceTree = "<group>";
		};
		6E08B31C2A7EAC8000C3EE35 /* App */ = {
			isa = PBXGroup;
			children = (
				6E08B31D2A7EAC8000C3EE35 /* AppAssembler.swift */,
				6E08B31F2A7EAC8000C3EE35 /* AppNavigator.swift */,
				6E08B3212A7EAC8000C3EE35 /* AppUseCase.swift */,
				6E08B3232A7EAC8000C3EE35 /* AppViewModel.swift */,
			);
			path = App;
			sourceTree = "<group>";
		};
		6E08B3252A7EAC8000C3EE35 /* Main */ = {
			isa = PBXGroup;
			children = (
				6E08B3262A7EAC8000C3EE35 /* Main.storyboard */,
				6E08B3282A7EAC8000C3EE35 /* Storyboards+Main.swift */,
				6E08B32A2A7EAC8000C3EE35 /* MainAssembler.swift */,
				6E08B32C2A7EAC8000C3EE35 /* MainNavigator.swift */,
				6E08B32E2A7EAC8000C3EE35 /* MainUseCase.swift */,
				6E08B3302A7EAC8000C3EE35 /* MainViewController.swift */,
				6E08B3322A7EAC8000C3EE35 /* MainViewModel.swift */,
			);
			path = Main;
			sourceTree = "<group>";
		};
		6E08B3342A7EAC8000C3EE35 /* Extensions */ = {
			isa = PBXGroup;
			children = (
				6E08B3352A7EAC8000C3EE35 /* UIViewController+.swift */,
				6E08B3372A7EAC8000C3EE35 /* UIViewController+Rx.swift */,
			);
			path = Extensions;
			sourceTree = "<group>";
		};
		9886FDF07277817AF264ADE7 /* Frameworks */ = {
			isa = PBXGroup;
			children = (
				E112FD19CC3546FD323A8D3D /* Pods_PropertyHero.framework */,
			);
			name = Frameworks;
			sourceTree = "<group>";
		};
/* End PBXGroup section */

/* Begin PBXNativeTarget section */
		6E08B2F42A7EAC8000C3EE35 /* PropertyHero */ = {
			isa = PBXNativeTarget;
			buildConfigurationList = 6E08B3402A7EAC8300C3EE35 /* Build configuration list for PBXNativeTarget "PropertyHero" */;
			buildPhases = (
				C98CE6AD20C65559B1E18557 /* [CP] Check Pods Manifest.lock */,
				6E08B2F12A7EAC8000C3EE35 /* Sources */,
				6E08B2F22A7EAC8000C3EE35 /* Frameworks */,
				6E08B2F32A7EAC8000C3EE35 /* Resources */,
				7A3F245A29B2B48BC16E7D3C /* [CP] Embed Pods Frameworks */,
			);
			buildRules = (
			);
			dependencies = (
			);
			name = PropertyHero;
			productName = PropertyHero;
			productReference = 6E08B2F52A7EAC8000C3EE35 /* PropertyHero.app */;
			productType = "com.apple.product-type.application";
		};
/* End PBXNativeTarget section */

/* Begin PBXProject section */
		6E08B2ED2A7EAC8000C3EE35 /* Project object */ = {
			isa = PBXProject;
			attributes = {
				BuildIndependentTargetsInParallel = 1;
				LastSwiftUpdateCheck = 1420;
				LastUpgradeCheck = 1420;
				TargetAttributes = {
					6E08B2F42A7EAC8000C3EE35 = {
						CreatedOnToolsVersion = 14.2;
					};
				};
			};
			buildConfigurationList = 6E08B2F02A7EAC8000C3EE35 /* Build configuration list for PBXProject "PropertyHero" */;
			compatibilityVersion = "Xcode 13.0";
			developmentRegion = en;
			hasScannedForEncodings = 0;
			knownRegions = (
				en,
				Base,
			);
			mainGroup = 6E08B2EC2A7EAC8000C3EE35;
			productRefGroup = 6E08B2F62A7EAC8000C3EE35 /* Products */;
			projectDirPath = "";
			projectRoot = "";
			targets = (
				6E08B2F42A7EAC8000C3EE35 /* PropertyHero */,
			);
		};
/* End PBXProject section */

/* Begin PBXResourcesBuildPhase section */
		6E08B2F32A7EAC8000C3EE35 /* Resources */ = {
			isa = PBXResourcesBuildPhase;
			buildActionMask = 2147483647;
			files = (
				6E08B3082A7EAC8000C3EE35 /* Entity.md in Resources */,
				6E08B3272A7EAC8000C3EE35 /* Main.storyboard in Resources */,
				6E08B30B2A7EAC8000C3EE35 /* UseCase.md in Resources */,
				6E08B33D2A7EAC8300C3EE35 /* LaunchScreen.storyboard in Resources */,
				6EBC244A2A7EB8C900E58B2E /* Assets.xcassets in Resources */,
			);
			runOnlyForDeploymentPostprocessing = 0;
		};
/* End PBXResourcesBuildPhase section */

/* Begin PBXShellScriptBuildPhase section */
		7A3F245A29B2B48BC16E7D3C /* [CP] Embed Pods Frameworks */ = {
			isa = PBXShellScriptBuildPhase;
			buildActionMask = 2147483647;
			files = (
			);
			inputFileListPaths = (
				"${PODS_ROOT}/Target Support Files/Pods-PropertyHero/Pods-PropertyHero-frameworks-${CONFIGURATION}-input-files.xcfilelist",
			);
			name = "[CP] Embed Pods Frameworks";
			outputFileListPaths = (
				"${PODS_ROOT}/Target Support Files/Pods-PropertyHero/Pods-PropertyHero-frameworks-${CONFIGURATION}-output-files.xcfilelist",
			);
			runOnlyForDeploymentPostprocessing = 0;
			shellPath = /bin/sh;
			shellScript = "\"${PODS_ROOT}/Target Support Files/Pods-PropertyHero/Pods-PropertyHero-frameworks.sh\"\n";
			showEnvVarsInLog = 0;
		};
		C98CE6AD20C65559B1E18557 /* [CP] Check Pods Manifest.lock */ = {
			isa = PBXShellScriptBuildPhase;
			buildActionMask = 2147483647;
			files = (
			);
			inputFileListPaths = (
			);
			inputPaths = (
				"${PODS_PODFILE_DIR_PATH}/Podfile.lock",
				"${PODS_ROOT}/Manifest.lock",
			);
			name = "[CP] Check Pods Manifest.lock";
			outputFileListPaths = (
			);
			outputPaths = (
				"$(DERIVED_FILE_DIR)/Pods-PropertyHero-checkManifestLockResult.txt",
			);
			runOnlyForDeploymentPostprocessing = 0;
			shellPath = /bin/sh;
			shellScript = "diff \"${PODS_PODFILE_DIR_PATH}/Podfile.lock\" \"${PODS_ROOT}/Manifest.lock\" > /dev/null\nif [ $? != 0 ] ; then\n    # print error to STDERR\n    echo \"error: The sandbox is not in sync with the Podfile.lock. Run 'pod install' or update your CocoaPods installation.\" >&2\n    exit 1\nfi\n# This output is used by Xcode 'outputs' to avoid re-running this script phase.\necho \"SUCCESS\" > \"${SCRIPT_OUTPUT_FILE_0}\"\n";
			showEnvVarsInLog = 0;
		};
/* End PBXShellScriptBuildPhase section */

/* Begin PBXSourcesBuildPhase section */
		6E08B2F12A7EAC8000C3EE35 /* Sources */ = {
			isa = PBXSourcesBuildPhase;
			buildActionMask = 2147483647;
			files = (
				6E08B3042A7EAC8000C3EE35 /* APIUrls.swift in Sources */,
				6E08B32B2A7EAC8000C3EE35 /* MainAssembler.swift in Sources */,
				6E08B3112A7EAC8000C3EE35 /* APIInput.swift in Sources */,
				6E08B3242A7EAC8000C3EE35 /* AppViewModel.swift in Sources */,
				6E08B3292A7EAC8000C3EE35 /* Storyboards+Main.swift in Sources */,
				6E08B3312A7EAC8000C3EE35 /* MainViewController.swift in Sources */,
				6EBC245E2A7EB8CA00E58B2E /* AppDelegate.swift in Sources */,
				6E08B3222A7EAC8000C3EE35 /* AppUseCase.swift in Sources */,
				6E08B32F2A7EAC8000C3EE35 /* MainUseCase.swift in Sources */,
				6E08B3182A7EAC8000C3EE35 /* GatewaysAssembler.swift in Sources */,
				6E08B3202A7EAC8000C3EE35 /* AppNavigator.swift in Sources */,
				6E08B32D2A7EAC8000C3EE35 /* MainNavigator.swift in Sources */,
				6E08B3132A7EAC8000C3EE35 /* APIOutput.swift in Sources */,
				6E08B3362A7EAC8000C3EE35 /* UIViewController+.swift in Sources */,
				6EBC24502A7EB8C900E58B2E /* Assembler.swift in Sources */,
				6E08B31E2A7EAC8000C3EE35 /* AppAssembler.swift in Sources */,
				6E08B3332A7EAC8000C3EE35 /* MainViewModel.swift in Sources */,
				6E08B31B2A7EAC8000C3EE35 /* Storyboards.swift in Sources */,
				6E08B30F2A7EAC8000C3EE35 /* APIError.swift in Sources */,
				6E08B3152A7EAC8000C3EE35 /* APIService.swift in Sources */,
				6E08B3382A7EAC8000C3EE35 /* UIViewController+Rx.swift in Sources */,
			);
			runOnlyForDeploymentPostprocessing = 0;
		};
/* End PBXSourcesBuildPhase section */

/* Begin PBXVariantGroup section */
		6E08B33B2A7EAC8300C3EE35 /* LaunchScreen.storyboard */ = {
			isa = PBXVariantGroup;
			children = (
				6E08B33C2A7EAC8300C3EE35 /* Base */,
			);
			name = LaunchScreen.storyboard;
			sourceTree = "<group>";
		};
/* End PBXVariantGroup section */

/* Begin XCBuildConfiguration section */
		6E08B33E2A7EAC8300C3EE35 /* Debug */ = {
			isa = XCBuildConfiguration;
			buildSettings = {
				ALWAYS_SEARCH_USER_PATHS = NO;
				CLANG_ANALYZER_NONNULL = YES;
				CLANG_ANALYZER_NUMBER_OBJECT_CONVERSION = YES_AGGRESSIVE;
				CLANG_CXX_LANGUAGE_STANDARD = "gnu++20";
				CLANG_ENABLE_MODULES = YES;
				CLANG_ENABLE_OBJC_ARC = YES;
				CLANG_ENABLE_OBJC_WEAK = YES;
				CLANG_WARN_BLOCK_CAPTURE_AUTORELEASING = YES;
				CLANG_WARN_BOOL_CONVERSION = YES;
				CLANG_WARN_COMMA = YES;
				CLANG_WARN_CONSTANT_CONVERSION = YES;
				CLANG_WARN_DEPRECATED_OBJC_IMPLEMENTATIONS = YES;
				CLANG_WARN_DIRECT_OBJC_ISA_USAGE = YES_ERROR;
				CLANG_WARN_DOCUMENTATION_COMMENTS = YES;
				CLANG_WARN_EMPTY_BODY = YES;
				CLANG_WARN_ENUM_CONVERSION = YES;
				CLANG_WARN_INFINITE_RECURSION = YES;
				CLANG_WARN_INT_CONVERSION = YES;
				CLANG_WARN_NON_LITERAL_NULL_CONVERSION = YES;
				CLANG_WARN_OBJC_IMPLICIT_RETAIN_SELF = YES;
				CLANG_WARN_OBJC_LITERAL_CONVERSION = YES;
				CLANG_WARN_OBJC_ROOT_CLASS = YES_ERROR;
				CLANG_WARN_QUOTED_INCLUDE_IN_FRAMEWORK_HEADER = YES;
				CLANG_WARN_RANGE_LOOP_ANALYSIS = YES;
				CLANG_WARN_STRICT_PROTOTYPES = YES;
				CLANG_WARN_SUSPICIOUS_MOVE = YES;
				CLANG_WARN_UNGUARDED_AVAILABILITY = YES_AGGRESSIVE;
				CLANG_WARN_UNREACHABLE_CODE = YES;
				CLANG_WARN__DUPLICATE_METHOD_MATCH = YES;
				COPY_PHASE_STRIP = NO;
				DEBUG_INFORMATION_FORMAT = dwarf;
				ENABLE_STRICT_OBJC_MSGSEND = YES;
				ENABLE_TESTABILITY = YES;
				GCC_C_LANGUAGE_STANDARD = gnu11;
				GCC_DYNAMIC_NO_PIC = NO;
				GCC_NO_COMMON_BLOCKS = YES;
				GCC_OPTIMIZATION_LEVEL = 0;
				GCC_PREPROCESSOR_DEFINITIONS = (
					"DEBUG=1",
					"$(inherited)",
				);
				GCC_WARN_64_TO_32_BIT_CONVERSION = YES;
				GCC_WARN_ABOUT_RETURN_TYPE = YES_ERROR;
				GCC_WARN_UNDECLARED_SELECTOR = YES;
				GCC_WARN_UNINITIALIZED_AUTOS = YES_AGGRESSIVE;
				GCC_WARN_UNUSED_FUNCTION = YES;
				GCC_WARN_UNUSED_VARIABLE = YES;
				IPHONEOS_DEPLOYMENT_TARGET = 16.2;
				MTL_ENABLE_DEBUG_INFO = INCLUDE_SOURCE;
				MTL_FAST_MATH = YES;
				ONLY_ACTIVE_ARCH = YES;
				SDKROOT = iphoneos;
				SWIFT_ACTIVE_COMPILATION_CONDITIONS = DEBUG;
				SWIFT_OPTIMIZATION_LEVEL = "-Onone";
			};
			name = Debug;
		};
		6E08B33F2A7EAC8300C3EE35 /* Release */ = {
			isa = XCBuildConfiguration;
			buildSettings = {
				ALWAYS_SEARCH_USER_PATHS = NO;
				CLANG_ANALYZER_NONNULL = YES;
				CLANG_ANALYZER_NUMBER_OBJECT_CONVERSION = YES_AGGRESSIVE;
				CLANG_CXX_LANGUAGE_STANDARD = "gnu++20";
				CLANG_ENABLE_MODULES = YES;
				CLANG_ENABLE_OBJC_ARC = YES;
				CLANG_ENABLE_OBJC_WEAK = YES;
				CLANG_WARN_BLOCK_CAPTURE_AUTORELEASING = YES;
				CLANG_WARN_BOOL_CONVERSION = YES;
				CLANG_WARN_COMMA = YES;
				CLANG_WARN_CONSTANT_CONVERSION = YES;
				CLANG_WARN_DEPRECATED_OBJC_IMPLEMENTATIONS = YES;
				CLANG_WARN_DIRECT_OBJC_ISA_USAGE = YES_ERROR;
				CLANG_WARN_DOCUMENTATION_COMMENTS = YES;
				CLANG_WARN_EMPTY_BODY = YES;
				CLANG_WARN_ENUM_CONVERSION = YES;
				CLANG_WARN_INFINITE_RECURSION = YES;
				CLANG_WARN_INT_CONVERSION = YES;
				CLANG_WARN_NON_LITERAL_NULL_CONVERSION = YES;
				CLANG_WARN_OBJC_IMPLICIT_RETAIN_SELF = YES;
				CLANG_WARN_OBJC_LITERAL_CONVERSION = YES;
				CLANG_WARN_OBJC_ROOT_CLASS = YES_ERROR;
				CLANG_WARN_QUOTED_INCLUDE_IN_FRAMEWORK_HEADER = YES;
				CLANG_WARN_RANGE_LOOP_ANALYSIS = YES;
				CLANG_WARN_STRICT_PROTOTYPES = YES;
				CLANG_WARN_SUSPICIOUS_MOVE = YES;
				CLANG_WARN_UNGUARDED_AVAILABILITY = YES_AGGRESSIVE;
				CLANG_WARN_UNREACHABLE_CODE = YES;
				CLANG_WARN__DUPLICATE_METHOD_MATCH = YES;
				COPY_PHASE_STRIP = NO;
				DEBUG_INFORMATION_FORMAT = "dwarf-with-dsym";
				ENABLE_NS_ASSERTIONS = NO;
				ENABLE_STRICT_OBJC_MSGSEND = YES;
				GCC_C_LANGUAGE_STANDARD = gnu11;
				GCC_NO_COMMON_BLOCKS = YES;
				GCC_WARN_64_TO_32_BIT_CONVERSION = YES;
				GCC_WARN_ABOUT_RETURN_TYPE = YES_ERROR;
				GCC_WARN_UNDECLARED_SELECTOR = YES;
				GCC_WARN_UNINITIALIZED_AUTOS = YES_AGGRESSIVE;
				GCC_WARN_UNUSED_FUNCTION = YES;
				GCC_WARN_UNUSED_VARIABLE = YES;
				IPHONEOS_DEPLOYMENT_TARGET = 16.2;
				MTL_ENABLE_DEBUG_INFO = NO;
				MTL_FAST_MATH = YES;
				SDKROOT = iphoneos;
				SWIFT_COMPILATION_MODE = wholemodule;
				SWIFT_OPTIMIZATION_LEVEL = "-O";
				VALIDATE_PRODUCT = YES;
			};
			name = Release;
		};
		6E08B3412A7EAC8300C3EE35 /* Debug */ = {
			isa = XCBuildConfiguration;
			baseConfigurationReference = A984F581DE5D708779DAF076 /* Pods-PropertyHero.debug.xcconfig */;
			buildSettings = {
				ASSETCATALOG_COMPILER_APPICON_NAME = AppIcon;
				ASSETCATALOG_COMPILER_GLOBAL_ACCENT_COLOR_NAME = AccentColor;
				CODE_SIGN_STYLE = Automatic;
				CURRENT_PROJECT_VERSION = 1;
				DEVELOPMENT_TEAM = 3KXMVDL2D2;
				GENERATE_INFOPLIST_FILE = YES;
				INFOPLIST_KEY_UIApplicationSupportsIndirectInputEvents = YES;
				INFOPLIST_KEY_UILaunchStoryboardName = LaunchScreen;
				INFOPLIST_KEY_UISupportedInterfaceOrientations = UIInterfaceOrientationPortrait;
				IPHONEOS_DEPLOYMENT_TARGET = 14.0;
				LD_RUNPATH_SEARCH_PATHS = (
					"$(inherited)",
					"@executable_path/Frameworks",
				);
				MARKETING_VERSION = 1.0;
				PRODUCT_BUNDLE_IDENTIFIER = vn.hellosoft.propertyhero;
				PRODUCT_NAME = "$(TARGET_NAME)";
				SWIFT_EMIT_LOC_STRINGS = YES;
				SWIFT_VERSION = 5.0;
				TARGETED_DEVICE_FAMILY = "1,2";
			};
			name = Debug;
		};
		6E08B3422A7EAC8300C3EE35 /* Release */ = {
			isa = XCBuildConfiguration;
			baseConfigurationReference = 0273A0E7BE90C7DB1DAE3C45 /* Pods-PropertyHero.release.xcconfig */;
			buildSettings = {
				ASSETCATALOG_COMPILER_APPICON_NAME = AppIcon;
				ASSETCATALOG_COMPILER_GLOBAL_ACCENT_COLOR_NAME = AccentColor;
				CODE_SIGN_STYLE = Automatic;
				CURRENT_PROJECT_VERSION = 1;
				DEVELOPMENT_TEAM = 3KXMVDL2D2;
				GENERATE_INFOPLIST_FILE = YES;
				INFOPLIST_KEY_UIApplicationSupportsIndirectInputEvents = YES;
				INFOPLIST_KEY_UILaunchStoryboardName = LaunchScreen;
				INFOPLIST_KEY_UISupportedInterfaceOrientations = UIInterfaceOrientationPortrait;
				IPHONEOS_DEPLOYMENT_TARGET = 14.0;
				LD_RUNPATH_SEARCH_PATHS = (
					"$(inherited)",
					"@executable_path/Frameworks",
				);
				MARKETING_VERSION = 1.0;
				PRODUCT_BUNDLE_IDENTIFIER = vn.hellosoft.propertyhero;
				PRODUCT_NAME = "$(TARGET_NAME)";
				SWIFT_EMIT_LOC_STRINGS = YES;
				SWIFT_VERSION = 5.0;
				TARGETED_DEVICE_FAMILY = "1,2";
			};
			name = Release;
		};
/* End XCBuildConfiguration section */

/* Begin XCConfigurationList section */
		6E08B2F02A7EAC8000C3EE35 /* Build configuration list for PBXProject "PropertyHero" */ = {
			isa = XCConfigurationList;
			buildConfigurations = (
				6E08B33E2A7EAC8300C3EE35 /* Debug */,
				6E08B33F2A7EAC8300C3EE35 /* Release */,
			);
			defaultConfigurationIsVisible = 0;
			defaultConfigurationName = Release;
		};
		6E08B3402A7EAC8300C3EE35 /* Build configuration list for PBXNativeTarget "PropertyHero" */ = {
			isa = XCConfigurationList;
			buildConfigurations = (
				6E08B3412A7EAC8300C3EE35 /* Debug */,
				6E08B3422A7EAC8300C3EE35 /* Release */,
			);
			defaultConfigurationIsVisible = 0;
			defaultConfigurationName = Release;
		};
/* End XCConfigurationList section */
	};
	rootObject = 6E08B2ED2A7EAC8000C3EE35 /* Project object */;
}
