// !$*UTF8*$!
{
	archiveVersion = 1;
	classes = {
	};
	objectVersion = 55;
	objects = {

/* Begin PBXBuildFile section */
		4F03A7E3F93F664E094552C6 /* Pods_PropertyHero.framework in Frameworks */ = {isa = PBXBuildFile; fileRef = E112FD19CC3546FD323A8D3D /* Pods_PropertyHero.framework */; };
		6E08B3042A7EAC8000C3EE35 /* APIUrls.swift in Sources */ = {isa = PBXBuildFile; fileRef = 6E08B3032A7EAC8000C3EE35 /* APIUrls.swift */; };
		6E08B30F2A7EAC8000C3EE35 /* APIError.swift in Sources */ = {isa = PBXBuildFile; fileRef = 6E08B30E2A7EAC8000C3EE35 /* APIError.swift */; };
		6E08B3112A7EAC8000C3EE35 /* APIInput.swift in Sources */ = {isa = PBXBuildFile; fileRef = 6E08B3102A7EAC8000C3EE35 /* APIInput.swift */; };
		6E08B3132A7EAC8000C3EE35 /* APIOutput.swift in Sources */ = {isa = PBXBuildFile; fileRef = 6E08B3122A7EAC8000C3EE35 /* APIOutput.swift */; };
		6E08B3152A7EAC8000C3EE35 /* APIService.swift in Sources */ = {isa = PBXBuildFile; fileRef = 6E08B3142A7EAC8000C3EE35 /* APIService.swift */; };
		6E08B3182A7EAC8000C3EE35 /* GatewaysAssembler.swift in Sources */ = {isa = PBXBuildFile; fileRef = 6E08B3172A7EAC8000C3EE35 /* GatewaysAssembler.swift */; };
		6E08B31B2A7EAC8000C3EE35 /* Storyboards.swift in Sources */ = {isa = PBXBuildFile; fileRef = 6E08B31A2A7EAC8000C3EE35 /* Storyboards.swift */; };
		6E08B3272A7EAC8000C3EE35 /* Main.storyboard in Resources */ = {isa = PBXBuildFile; fileRef = 6E08B3262A7EAC8000C3EE35 /* Main.storyboard */; };
		6E08B3292A7EAC8000C3EE35 /* Storyboards+Main.swift in Sources */ = {isa = PBXBuildFile; fileRef = 6E08B3282A7EAC8000C3EE35 /* Storyboards+Main.swift */; };
		6E08B32B2A7EAC8000C3EE35 /* MainAssembler.swift in Sources */ = {isa = PBXBuildFile; fileRef = 6E08B32A2A7EAC8000C3EE35 /* MainAssembler.swift */; };
		6E08B32D2A7EAC8000C3EE35 /* MainNavigator.swift in Sources */ = {isa = PBXBuildFile; fileRef = 6E08B32C2A7EAC8000C3EE35 /* MainNavigator.swift */; };
		6E08B32F2A7EAC8000C3EE35 /* MainUseCase.swift in Sources */ = {isa = PBXBuildFile; fileRef = 6E08B32E2A7EAC8000C3EE35 /* MainUseCase.swift */; };
		6E08B3312A7EAC8000C3EE35 /* MainViewController.swift in Sources */ = {isa = PBXBuildFile; fileRef = 6E08B3302A7EAC8000C3EE35 /* MainViewController.swift */; };
		6E08B3332A7EAC8000C3EE35 /* MainViewModel.swift in Sources */ = {isa = PBXBuildFile; fileRef = 6E08B3322A7EAC8000C3EE35 /* MainViewModel.swift */; };
		6E14D6A22A887A20002E4900 /* CoomingSoonView.swift in Sources */ = {isa = PBXBuildFile; fileRef = 6E14D6A12A887A20002E4900 /* CoomingSoonView.swift */; };
		6E14D6A42A887A4D002E4900 /* CoomingSoonView.xib in Resources */ = {isa = PBXBuildFile; fileRef = 6E14D6A32A887A4D002E4900 /* CoomingSoonView.xib */; };
		6E14D6AC2A88819A002E4900 /* ProductViewAssembler.swift in Sources */ = {isa = PBXBuildFile; fileRef = 6E14D6A72A88819A002E4900 /* ProductViewAssembler.swift */; };
		6E14D6AD2A88819A002E4900 /* ProductViewNavigator.swift in Sources */ = {isa = PBXBuildFile; fileRef = 6E14D6A82A88819A002E4900 /* ProductViewNavigator.swift */; };
		6E14D6AE2A88819A002E4900 /* ProductViewUseCase.swift in Sources */ = {isa = PBXBuildFile; fileRef = 6E14D6A92A88819A002E4900 /* ProductViewUseCase.swift */; };
		6E14D6AF2A88819A002E4900 /* ProductViewViewController.swift in Sources */ = {isa = PBXBuildFile; fileRef = 6E14D6AA2A88819A002E4900 /* ProductViewViewController.swift */; };
		6E14D6B02A88819A002E4900 /* ProductViewViewModel.swift in Sources */ = {isa = PBXBuildFile; fileRef = 6E14D6AB2A88819A002E4900 /* ProductViewViewModel.swift */; };
		6E14D6B62A8881B0002E4900 /* FavoriteAssembler.swift in Sources */ = {isa = PBXBuildFile; fileRef = 6E14D6B12A8881B0002E4900 /* FavoriteAssembler.swift */; };
		6E14D6B72A8881B0002E4900 /* FavoriteNavigator.swift in Sources */ = {isa = PBXBuildFile; fileRef = 6E14D6B22A8881B0002E4900 /* FavoriteNavigator.swift */; };
		6E14D6B82A8881B0002E4900 /* FavoriteUseCase.swift in Sources */ = {isa = PBXBuildFile; fileRef = 6E14D6B32A8881B0002E4900 /* FavoriteUseCase.swift */; };
		6E14D6B92A8881B0002E4900 /* FavoriteViewController.swift in Sources */ = {isa = PBXBuildFile; fileRef = 6E14D6B42A8881B0002E4900 /* FavoriteViewController.swift */; };
		6E14D6BA2A8881B0002E4900 /* FavoriteViewModel.swift in Sources */ = {isa = PBXBuildFile; fileRef = 6E14D6B52A8881B0002E4900 /* FavoriteViewModel.swift */; };
		6E14D6BC2A88893C002E4900 /* EmptyDataView.xib in Resources */ = {isa = PBXBuildFile; fileRef = 6E14D6BB2A88893C002E4900 /* EmptyDataView.xib */; };
		6E14D6BE2A8894C4002E4900 /* UINavigationController+.swift in Sources */ = {isa = PBXBuildFile; fileRef = 6E14D6BD2A8894C4002E4900 /* UINavigationController+.swift */; };
		6E14D6CB2A88AC82002E4900 /* CardView.swift in Sources */ = {isa = PBXBuildFile; fileRef = 6E14D6C92A88AC82002E4900 /* CardView.swift */; };
		6E14D6CC2A88AC82002E4900 /* PageIndicator.swift in Sources */ = {isa = PBXBuildFile; fileRef = 6E14D6CA2A88AC82002E4900 /* PageIndicator.swift */; };
		6E14D6CE2A88ACA2002E4900 /* DesignableUITextField.swift in Sources */ = {isa = PBXBuildFile; fileRef = 6E14D6CD2A88ACA2002E4900 /* DesignableUITextField.swift */; };
		6E14D6D12A88B538002E4900 /* AreaSectionLayout.swift in Sources */ = {isa = PBXBuildFile; fileRef = 6E14D6D02A88B538002E4900 /* AreaSectionLayout.swift */; };
		6E14D6D42A88CA1E002E4900 /* AreaSectionCell.swift in Sources */ = {isa = PBXBuildFile; fileRef = 6E14D6D22A88CA1D002E4900 /* AreaSectionCell.swift */; };
		6E14D6D52A88CA1E002E4900 /* AreaSectionCell.xib in Resources */ = {isa = PBXBuildFile; fileRef = 6E14D6D32A88CA1D002E4900 /* AreaSectionCell.xib */; };
		6E83F4082A7F5A5B002D9BD8 /* TabLayout.swift in Sources */ = {isa = PBXBuildFile; fileRef = 6E83F4072A7F5A5B002D9BD8 /* TabLayout.swift */; };
		6E83F40F2A7F6A2F002D9BD8 /* HomeAssembler.swift in Sources */ = {isa = PBXBuildFile; fileRef = 6E83F40A2A7F6A2E002D9BD8 /* HomeAssembler.swift */; };
		6E83F4102A7F6A2F002D9BD8 /* HomeNavigator.swift in Sources */ = {isa = PBXBuildFile; fileRef = 6E83F40B2A7F6A2E002D9BD8 /* HomeNavigator.swift */; };
		6E83F4112A7F6A2F002D9BD8 /* HomeUseCase.swift in Sources */ = {isa = PBXBuildFile; fileRef = 6E83F40C2A7F6A2F002D9BD8 /* HomeUseCase.swift */; };
		6E83F4122A7F6A2F002D9BD8 /* HomeViewController.swift in Sources */ = {isa = PBXBuildFile; fileRef = 6E83F40D2A7F6A2F002D9BD8 /* HomeViewController.swift */; };
		6E83F4132A7F6A2F002D9BD8 /* HomeViewModel.swift in Sources */ = {isa = PBXBuildFile; fileRef = 6E83F40E2A7F6A2F002D9BD8 /* HomeViewModel.swift */; };
		6E83F41D2A7F6AA4002D9BD8 /* SearchAssembler.swift in Sources */ = {isa = PBXBuildFile; fileRef = 6E83F4182A7F6AA4002D9BD8 /* SearchAssembler.swift */; };
		6E83F41E2A7F6AA4002D9BD8 /* SearchNavigator.swift in Sources */ = {isa = PBXBuildFile; fileRef = 6E83F4192A7F6AA4002D9BD8 /* SearchNavigator.swift */; };
		6E83F41F2A7F6AA4002D9BD8 /* SearchUseCase.swift in Sources */ = {isa = PBXBuildFile; fileRef = 6E83F41A2A7F6AA4002D9BD8 /* SearchUseCase.swift */; };
		6E83F4202A7F6AA4002D9BD8 /* SearchViewController.swift in Sources */ = {isa = PBXBuildFile; fileRef = 6E83F41B2A7F6AA4002D9BD8 /* SearchViewController.swift */; };
		6E83F4212A7F6AA4002D9BD8 /* SearchViewModel.swift in Sources */ = {isa = PBXBuildFile; fileRef = 6E83F41C2A7F6AA4002D9BD8 /* SearchViewModel.swift */; };
		6E83F4272A7F6AC8002D9BD8 /* CollectionAssembler.swift in Sources */ = {isa = PBXBuildFile; fileRef = 6E83F4222A7F6AC8002D9BD8 /* CollectionAssembler.swift */; };
		6E83F4282A7F6AC8002D9BD8 /* CollectionNavigator.swift in Sources */ = {isa = PBXBuildFile; fileRef = 6E83F4232A7F6AC8002D9BD8 /* CollectionNavigator.swift */; };
		6E83F4292A7F6AC8002D9BD8 /* CollectionUseCase.swift in Sources */ = {isa = PBXBuildFile; fileRef = 6E83F4242A7F6AC8002D9BD8 /* CollectionUseCase.swift */; };
		6E83F42A2A7F6AC8002D9BD8 /* CollectionViewController.swift in Sources */ = {isa = PBXBuildFile; fileRef = 6E83F4252A7F6AC8002D9BD8 /* CollectionViewController.swift */; };
		6E83F42B2A7F6AC8002D9BD8 /* CollectionViewModel.swift in Sources */ = {isa = PBXBuildFile; fileRef = 6E83F4262A7F6AC8002D9BD8 /* CollectionViewModel.swift */; };
		6E83F43B2A7F6AF6002D9BD8 /* MoreAssembler.swift in Sources */ = {isa = PBXBuildFile; fileRef = 6E83F4362A7F6AF6002D9BD8 /* MoreAssembler.swift */; };
		6E83F43C2A7F6AF6002D9BD8 /* MoreNavigator.swift in Sources */ = {isa = PBXBuildFile; fileRef = 6E83F4372A7F6AF6002D9BD8 /* MoreNavigator.swift */; };
		6E83F43D2A7F6AF6002D9BD8 /* MoreUseCase.swift in Sources */ = {isa = PBXBuildFile; fileRef = 6E83F4382A7F6AF6002D9BD8 /* MoreUseCase.swift */; };
		6E83F43E2A7F6AF6002D9BD8 /* MoreViewController.swift in Sources */ = {isa = PBXBuildFile; fileRef = 6E83F4392A7F6AF6002D9BD8 /* MoreViewController.swift */; };
		6E83F43F2A7F6AF6002D9BD8 /* MoreViewModel.swift in Sources */ = {isa = PBXBuildFile; fileRef = 6E83F43A2A7F6AF6002D9BD8 /* MoreViewModel.swift */; };
		6E83F4452A7F6EFF002D9BD8 /* NotificationAssembler.swift in Sources */ = {isa = PBXBuildFile; fileRef = 6E83F4402A7F6EFF002D9BD8 /* NotificationAssembler.swift */; };
		6E83F4462A7F6EFF002D9BD8 /* NotificationNavigator.swift in Sources */ = {isa = PBXBuildFile; fileRef = 6E83F4412A7F6EFF002D9BD8 /* NotificationNavigator.swift */; };
		6E83F4472A7F6EFF002D9BD8 /* NotificationUseCase.swift in Sources */ = {isa = PBXBuildFile; fileRef = 6E83F4422A7F6EFF002D9BD8 /* NotificationUseCase.swift */; };
		6E83F4482A7F6EFF002D9BD8 /* NotificationViewController.swift in Sources */ = {isa = PBXBuildFile; fileRef = 6E83F4432A7F6EFF002D9BD8 /* NotificationViewController.swift */; };
		6E83F4492A7F6EFF002D9BD8 /* NotificationViewModel.swift in Sources */ = {isa = PBXBuildFile; fileRef = 6E83F4442A7F6EFF002D9BD8 /* NotificationViewModel.swift */; };
		6EA473E02A8796A800D23143 /* Province.swift in Sources */ = {isa = PBXBuildFile; fileRef = 6EA473DF2A8796A800D23143 /* Province.swift */; };
		6EA473E22A8796DA00D23143 /* API+Location.swift in Sources */ = {isa = PBXBuildFile; fileRef = 6EA473E12A8796DA00D23143 /* API+Location.swift */; };
		6EA473E42A87983800D23143 /* LocationGateway.swift in Sources */ = {isa = PBXBuildFile; fileRef = 6EA473E32A87983800D23143 /* LocationGateway.swift */; };
		6EA473E62A8798D700D23143 /* GetLocation.swift in Sources */ = {isa = PBXBuildFile; fileRef = 6EA473E52A8798D700D23143 /* GetLocation.swift */; };
		6EA473E82A879B1E00D23143 /* UITableView+.swift in Sources */ = {isa = PBXBuildFile; fileRef = 6EA473E72A879B1E00D23143 /* UITableView+.swift */; };
		6EA473EA2A87A45A00D23143 /* Marker.swift in Sources */ = {isa = PBXBuildFile; fileRef = 6EA473E92A87A45A00D23143 /* Marker.swift */; };
		6EA4D2852A87E06D00DDCDCD /* MarkerCell.swift in Sources */ = {isa = PBXBuildFile; fileRef = 6EA4D2832A87E06D00DDCDCD /* MarkerCell.swift */; };
		6EA4D2862A87E06D00DDCDCD /* MarkerCell.xib in Resources */ = {isa = PBXBuildFile; fileRef = 6EA4D2842A87E06D00DDCDCD /* MarkerCell.xib */; };
		6EA4D2892A87E0C600DDCDCD /* PageTableCell.swift in Sources */ = {isa = PBXBuildFile; fileRef = 6EA4D2882A87E0C600DDCDCD /* PageTableCell.swift */; };
		6EB5B0892A7FF5F6004AAB38 /* GoogleService-Info.plist in Resources */ = {isa = PBXBuildFile; fileRef = 6EB5B0882A7FF5F6004AAB38 /* GoogleService-Info.plist */; };
		6EB5B0922A7FFA54004AAB38 /* MapViewAssembler.swift in Sources */ = {isa = PBXBuildFile; fileRef = 6EB5B08D2A7FFA54004AAB38 /* MapViewAssembler.swift */; };
		6EB5B0932A7FFA54004AAB38 /* MapViewNavigator.swift in Sources */ = {isa = PBXBuildFile; fileRef = 6EB5B08E2A7FFA54004AAB38 /* MapViewNavigator.swift */; };
		6EB5B0942A7FFA54004AAB38 /* MapViewUseCase.swift in Sources */ = {isa = PBXBuildFile; fileRef = 6EB5B08F2A7FFA54004AAB38 /* MapViewUseCase.swift */; };
		6EB5B0952A7FFA54004AAB38 /* MapViewViewController.swift in Sources */ = {isa = PBXBuildFile; fileRef = 6EB5B0902A7FFA54004AAB38 /* MapViewViewController.swift */; };
		6EB5B0962A7FFA54004AAB38 /* MapViewViewModel.swift in Sources */ = {isa = PBXBuildFile; fileRef = 6EB5B0912A7FFA54004AAB38 /* MapViewViewModel.swift */; };
		6EB5B0982A7FFAA6004AAB38 /* Map.storyboard in Resources */ = {isa = PBXBuildFile; fileRef = 6EB5B0972A7FFAA6004AAB38 /* Map.storyboard */; };
		6EB5B09A2A7FFAC7004AAB38 /* Storyboards+Map.swift in Sources */ = {isa = PBXBuildFile; fileRef = 6EB5B0992A7FFAC7004AAB38 /* Storyboards+Map.swift */; };
		6EB8EAFE2A8441600055BEFD /* API+Product.swift in Sources */ = {isa = PBXBuildFile; fileRef = 6EB8EAFD2A84415F0055BEFD /* API+Product.swift */; };
		6EB8EB002A84442C0055BEFD /* Product.swift in Sources */ = {isa = PBXBuildFile; fileRef = 6EB8EAFF2A84442C0055BEFD /* Product.swift */; };
		6EB8EB022A84451C0055BEFD /* GetProduct.swift in Sources */ = {isa = PBXBuildFile; fileRef = 6EB8EB012A84451C0055BEFD /* GetProduct.swift */; };
		6EB8EB042A8445880055BEFD /* ProductGateway.swift in Sources */ = {isa = PBXBuildFile; fileRef = 6EB8EB032A8445880055BEFD /* ProductGateway.swift */; };
		6EB8EB062A8446CB0055BEFD /* SearchInfo.swift in Sources */ = {isa = PBXBuildFile; fileRef = 6EB8EB052A8446CB0055BEFD /* SearchInfo.swift */; };
		6EBC244A2A7EB8C900E58B2E /* Assets.xcassets in Resources */ = {isa = PBXBuildFile; fileRef = 6EBC24232A7EB8C900E58B2E /* Assets.xcassets */; };
		6EBC24502A7EB8C900E58B2E /* Assembler.swift in Sources */ = {isa = PBXBuildFile; fileRef = 6EBC242F2A7EB8C900E58B2E /* Assembler.swift */; };
		6EBC245E2A7EB8CA00E58B2E /* AppDelegate.swift in Sources */ = {isa = PBXBuildFile; fileRef = 6EBC24412A7EB8C900E58B2E /* AppDelegate.swift */; };
		6EBC24712A7EBCD500E58B2E /* UIImageView+SDWebImage.swift in Sources */ = {isa = PBXBuildFile; fileRef = 6EBC24662A7EBCD400E58B2E /* UIImageView+SDWebImage.swift */; };
		6EBC24722A7EBCD500E58B2E /* UIView+.swift in Sources */ = {isa = PBXBuildFile; fileRef = 6EBC24672A7EBCD400E58B2E /* UIView+.swift */; };
		6EBC24742A7EBCD500E58B2E /* UIViewController+.swift in Sources */ = {isa = PBXBuildFile; fileRef = 6EBC24692A7EBCD400E58B2E /* UIViewController+.swift */; };
		6EBC24752A7EBCD500E58B2E /* UILabel+.swift in Sources */ = {isa = PBXBuildFile; fileRef = 6EBC246A2A7EBCD400E58B2E /* UILabel+.swift */; };
		6EBC24762A7EBCD500E58B2E /* UIViewController+Rx.swift in Sources */ = {isa = PBXBuildFile; fileRef = 6EBC246B2A7EBCD400E58B2E /* UIViewController+Rx.swift */; };
		6EBC24772A7EBCD500E58B2E /* UIImage.swift in Sources */ = {isa = PBXBuildFile; fileRef = 6EBC246C2A7EBCD400E58B2E /* UIImage.swift */; };
		6EBC24782A7EBCD500E58B2E /* UIApplication.swift in Sources */ = {isa = PBXBuildFile; fileRef = 6EBC246D2A7EBCD400E58B2E /* UIApplication.swift */; };
		6EBC24792A7EBCD500E58B2E /* UIColor+.swift in Sources */ = {isa = PBXBuildFile; fileRef = 6EBC246E2A7EBCD400E58B2E /* UIColor+.swift */; };
		6EBC247A2A7EBCD500E58B2E /* Dimension.swift in Sources */ = {isa = PBXBuildFile; fileRef = 6EBC246F2A7EBCD400E58B2E /* Dimension.swift */; };
		6EBC247B2A7EBCD500E58B2E /* Utils.swift in Sources */ = {isa = PBXBuildFile; fileRef = 6EBC24702A7EBCD400E58B2E /* Utils.swift */; };
		6EBC24842A7EBD9000E58B2E /* SplashViewController.swift in Sources */ = {isa = PBXBuildFile; fileRef = 6EBC247D2A7EBD8F00E58B2E /* SplashViewController.swift */; };
		6EBC24852A7EBD9000E58B2E /* SplashViewModel.swift in Sources */ = {isa = PBXBuildFile; fileRef = 6EBC247E2A7EBD8F00E58B2E /* SplashViewModel.swift */; };
		6EBC24862A7EBD9000E58B2E /* Splash.storyboard in Resources */ = {isa = PBXBuildFile; fileRef = 6EBC247F2A7EBD8F00E58B2E /* Splash.storyboard */; };
		6EBC24872A7EBD9000E58B2E /* Storyboards+Splash.swift in Sources */ = {isa = PBXBuildFile; fileRef = 6EBC24802A7EBD8F00E58B2E /* Storyboards+Splash.swift */; };
		6EBC24882A7EBD9000E58B2E /* SplashAssembler.swift in Sources */ = {isa = PBXBuildFile; fileRef = 6EBC24812A7EBD8F00E58B2E /* SplashAssembler.swift */; };
		6EBC24892A7EBD9000E58B2E /* SplashUseCase.swift in Sources */ = {isa = PBXBuildFile; fileRef = 6EBC24822A7EBD8F00E58B2E /* SplashUseCase.swift */; };
		6EBC248A2A7EBD9000E58B2E /* SplashNavigator.swift in Sources */ = {isa = PBXBuildFile; fileRef = 6EBC24832A7EBD8F00E58B2E /* SplashNavigator.swift */; };
		6EBE4AD92A8905D00005B23F /* ProductAssembler.swift in Sources */ = {isa = PBXBuildFile; fileRef = 6EBE4AD42A8905D00005B23F /* ProductAssembler.swift */; };
		6EBE4ADA2A8905D00005B23F /* ProductNavigator.swift in Sources */ = {isa = PBXBuildFile; fileRef = 6EBE4AD52A8905D00005B23F /* ProductNavigator.swift */; };
		6EBE4ADB2A8905D00005B23F /* ProductUseCase.swift in Sources */ = {isa = PBXBuildFile; fileRef = 6EBE4AD62A8905D00005B23F /* ProductUseCase.swift */; };
		6EBE4ADC2A8905D00005B23F /* ProductViewController.swift in Sources */ = {isa = PBXBuildFile; fileRef = 6EBE4AD72A8905D00005B23F /* ProductViewController.swift */; };
		6EBE4ADD2A8905D00005B23F /* ProductViewModel.swift in Sources */ = {isa = PBXBuildFile; fileRef = 6EBE4AD82A8905D00005B23F /* ProductViewModel.swift */; };
		6EBE4ADF2A8905EE0005B23F /* Product.storyboard in Resources */ = {isa = PBXBuildFile; fileRef = 6EBE4ADE2A8905EE0005B23F /* Product.storyboard */; };
		6EBE4AE12A8906090005B23F /* Storyboards+Product.swift in Sources */ = {isa = PBXBuildFile; fileRef = 6EBE4AE02A8906090005B23F /* Storyboards+Product.swift */; };
		6EBE4AE82A8906800005B23F /* ProductListAssembler.swift in Sources */ = {isa = PBXBuildFile; fileRef = 6EBE4AE32A8906800005B23F /* ProductListAssembler.swift */; };
		6EBE4AE92A8906800005B23F /* ProductListNavigator.swift in Sources */ = {isa = PBXBuildFile; fileRef = 6EBE4AE42A8906800005B23F /* ProductListNavigator.swift */; };
		6EBE4AEA2A8906800005B23F /* ProductListUseCase.swift in Sources */ = {isa = PBXBuildFile; fileRef = 6EBE4AE52A8906800005B23F /* ProductListUseCase.swift */; };
		6EBE4AEB2A8906800005B23F /* ProductListViewController.swift in Sources */ = {isa = PBXBuildFile; fileRef = 6EBE4AE62A8906800005B23F /* ProductListViewController.swift */; };
		6EBE4AEC2A8906800005B23F /* ProductListViewModel.swift in Sources */ = {isa = PBXBuildFile; fileRef = 6EBE4AE72A8906800005B23F /* ProductListViewModel.swift */; };
		6EBE4AF02A8914CF0005B23F /* ProductCell.swift in Sources */ = {isa = PBXBuildFile; fileRef = 6EBE4AEE2A8914CF0005B23F /* ProductCell.swift */; };
		6EBE4AF12A8914CF0005B23F /* ProductCell.xib in Resources */ = {isa = PBXBuildFile; fileRef = 6EBE4AEF2A8914CF0005B23F /* ProductCell.xib */; };
		6ECB455F2A88CBCA005D1B33 /* AreaCell.swift in Sources */ = {isa = PBXBuildFile; fileRef = 6ECB455D2A88CBCA005D1B33 /* AreaCell.swift */; };
		6ECB45602A88CBCA005D1B33 /* AreaCell.xib in Resources */ = {isa = PBXBuildFile; fileRef = 6ECB455E2A88CBCA005D1B33 /* AreaCell.xib */; };
		6ECC2A4B2A7F775A0053130A /* Constants.swift in Sources */ = {isa = PBXBuildFile; fileRef = 6ECC2A4A2A7F775A0053130A /* Constants.swift */; };
		6ECC2A512A7F7B470053130A /* HeaderCell.swift in Sources */ = {isa = PBXBuildFile; fileRef = 6ECC2A4D2A7F7B470053130A /* HeaderCell.swift */; };
		6ECC2A522A7F7B470053130A /* HeaderCell.xib in Resources */ = {isa = PBXBuildFile; fileRef = 6ECC2A4E2A7F7B470053130A /* HeaderCell.xib */; };
		6ECC2A542A7F7B470053130A /* HeaderSectionLayout.swift in Sources */ = {isa = PBXBuildFile; fileRef = 6ECC2A502A7F7B470053130A /* HeaderSectionLayout.swift */; };
		6ECC2A562A7F7D660053130A /* Banner.swift in Sources */ = {isa = PBXBuildFile; fileRef = 6ECC2A552A7F7D660053130A /* Banner.swift */; };
		6ECC2A5C2A7F7E6C0053130A /* LayoutOptions.swift in Sources */ = {isa = PBXBuildFile; fileRef = 6ECC2A582A7F7E6C0053130A /* LayoutOptions.swift */; };
		6ECC2A5D2A7F7E6C0053130A /* PageSectionViewModel.swift in Sources */ = {isa = PBXBuildFile; fileRef = 6ECC2A592A7F7E6C0053130A /* PageSectionViewModel.swift */; };
		6ECC2A5E2A7F7E6C0053130A /* PageCollectionCell.swift in Sources */ = {isa = PBXBuildFile; fileRef = 6ECC2A5A2A7F7E6C0053130A /* PageCollectionCell.swift */; };
		6ECC2A5F2A7F7E6C0053130A /* SectionLayout.swift in Sources */ = {isa = PBXBuildFile; fileRef = 6ECC2A5B2A7F7E6C0053130A /* SectionLayout.swift */; };
		6ECC2A632A7F84110053130A /* UICollectionView+.swift in Sources */ = {isa = PBXBuildFile; fileRef = 6ECC2A622A7F84110053130A /* UICollectionView+.swift */; };
		6ECC2A672A7F847C0053130A /* EmptyDataView.swift in Sources */ = {isa = PBXBuildFile; fileRef = 6ECC2A652A7F847C0053130A /* EmptyDataView.swift */; };
		6ECC2A6A2A7F89360053130A /* GetCategory.swift in Sources */ = {isa = PBXBuildFile; fileRef = 6ECC2A692A7F89360053130A /* GetCategory.swift */; };
		6ECC2A6C2A7F89C10053130A /* CategoryGateway.swift in Sources */ = {isa = PBXBuildFile; fileRef = 6ECC2A6B2A7F89C10053130A /* CategoryGateway.swift */; };
		6ECC2A6E2A7F8A480053130A /* API+Category.swift in Sources */ = {isa = PBXBuildFile; fileRef = 6ECC2A6D2A7F8A480053130A /* API+Category.swift */; };
		6ED1487C2A85119600763797 /* Localizable.strings in Resources */ = {isa = PBXBuildFile; fileRef = 6ED1487E2A85119600763797 /* Localizable.strings */; };
		6ED148922A85347C00763797 /* DefaultStorage.swift in Sources */ = {isa = PBXBuildFile; fileRef = 6ED148912A85347C00763797 /* DefaultStorage.swift */; };
		6ED1489A2A85349500763797 /* IBDesignable+Localize.swift in Sources */ = {isa = PBXBuildFile; fileRef = 6ED148952A85349500763797 /* IBDesignable+Localize.swift */; };
		6ED1489B2A85349500763797 /* String+LocalizeTableName.swift in Sources */ = {isa = PBXBuildFile; fileRef = 6ED148962A85349500763797 /* String+LocalizeTableName.swift */; };
		6ED1489C2A85349500763797 /* Localize.swift in Sources */ = {isa = PBXBuildFile; fileRef = 6ED148972A85349500763797 /* Localize.swift */; };
		6ED1489D2A85349500763797 /* String+LocalizeBundle.swift in Sources */ = {isa = PBXBuildFile; fileRef = 6ED148982A85349500763797 /* String+LocalizeBundle.swift */; };
		6ED1489E2A85349500763797 /* String+LocalizedBundleTableName.swift in Sources */ = {isa = PBXBuildFile; fileRef = 6ED148992A85349500763797 /* String+LocalizedBundleTableName.swift */; };
		6ED362462A8A558300AAF5AF /* District.swift in Sources */ = {isa = PBXBuildFile; fileRef = 6ED362452A8A558300AAF5AF /* District.swift */; };
		6ED497EE2A866DC3004885A5 /* SearchByMarkerAssembler.swift in Sources */ = {isa = PBXBuildFile; fileRef = 6ED497E92A866DC3004885A5 /* SearchByMarkerAssembler.swift */; };
		6ED497EF2A866DC3004885A5 /* SearchByMarkerNavigator.swift in Sources */ = {isa = PBXBuildFile; fileRef = 6ED497EA2A866DC3004885A5 /* SearchByMarkerNavigator.swift */; };
		6ED497F02A866DC3004885A5 /* SearchByMarkerUseCase.swift in Sources */ = {isa = PBXBuildFile; fileRef = 6ED497EB2A866DC3004885A5 /* SearchByMarkerUseCase.swift */; };
		6ED497F12A866DC3004885A5 /* SearchByMarkerViewController.swift in Sources */ = {isa = PBXBuildFile; fileRef = 6ED497EC2A866DC3004885A5 /* SearchByMarkerViewController.swift */; };
		6ED497F22A866DC3004885A5 /* SearchByMarkerViewModel.swift in Sources */ = {isa = PBXBuildFile; fileRef = 6ED497ED2A866DC3004885A5 /* SearchByMarkerViewModel.swift */; };
		6ED497F82A866DDF004885A5 /* SearchByLocationAssembler.swift in Sources */ = {isa = PBXBuildFile; fileRef = 6ED497F32A866DDF004885A5 /* SearchByLocationAssembler.swift */; };
		6ED497F92A866DDF004885A5 /* SearchByLocationNavigator.swift in Sources */ = {isa = PBXBuildFile; fileRef = 6ED497F42A866DDF004885A5 /* SearchByLocationNavigator.swift */; };
		6ED497FA2A866DDF004885A5 /* SearchByLocationUseCase.swift in Sources */ = {isa = PBXBuildFile; fileRef = 6ED497F52A866DDF004885A5 /* SearchByLocationUseCase.swift */; };
		6ED497FB2A866DDF004885A5 /* SearchByLocationViewController.swift in Sources */ = {isa = PBXBuildFile; fileRef = 6ED497F62A866DDF004885A5 /* SearchByLocationViewController.swift */; };
		6ED497FC2A866DDF004885A5 /* SearchByLocationViewModel.swift in Sources */ = {isa = PBXBuildFile; fileRef = 6ED497F72A866DDF004885A5 /* SearchByLocationViewModel.swift */; };
/* End PBXBuildFile section */

/* Begin PBXFileReference section */
		0273A0E7BE90C7DB1DAE3C45 /* Pods-PropertyHero.release.xcconfig */ = {isa = PBXFileReference; includeInIndex = 1; lastKnownFileType = text.xcconfig; name = "Pods-PropertyHero.release.xcconfig"; path = "Target Support Files/Pods-PropertyHero/Pods-PropertyHero.release.xcconfig"; sourceTree = "<group>"; };
		6E08B2F52A7EAC8000C3EE35 /* PropertyHero.app */ = {isa = PBXFileReference; explicitFileType = wrapper.application; includeInIndex = 0; path = PropertyHero.app; sourceTree = BUILT_PRODUCTS_DIR; };
		6E08B3032A7EAC8000C3EE35 /* APIUrls.swift */ = {isa = PBXFileReference; lastKnownFileType = sourcecode.swift; path = APIUrls.swift; sourceTree = "<group>"; };
		6E08B30E2A7EAC8000C3EE35 /* APIError.swift */ = {isa = PBXFileReference; lastKnownFileType = sourcecode.swift; path = APIError.swift; sourceTree = "<group>"; };
		6E08B3102A7EAC8000C3EE35 /* APIInput.swift */ = {isa = PBXFileReference; lastKnownFileType = sourcecode.swift; path = APIInput.swift; sourceTree = "<group>"; };
		6E08B3122A7EAC8000C3EE35 /* APIOutput.swift */ = {isa = PBXFileReference; lastKnownFileType = sourcecode.swift; path = APIOutput.swift; sourceTree = "<group>"; };
		6E08B3142A7EAC8000C3EE35 /* APIService.swift */ = {isa = PBXFileReference; lastKnownFileType = sourcecode.swift; path = APIService.swift; sourceTree = "<group>"; };
		6E08B3172A7EAC8000C3EE35 /* GatewaysAssembler.swift */ = {isa = PBXFileReference; lastKnownFileType = sourcecode.swift; path = GatewaysAssembler.swift; sourceTree = "<group>"; };
		6E08B31A2A7EAC8000C3EE35 /* Storyboards.swift */ = {isa = PBXFileReference; lastKnownFileType = sourcecode.swift; path = Storyboards.swift; sourceTree = "<group>"; };
		6E08B3262A7EAC8000C3EE35 /* Main.storyboard */ = {isa = PBXFileReference; lastKnownFileType = file.storyboard; path = Main.storyboard; sourceTree = "<group>"; };
		6E08B3282A7EAC8000C3EE35 /* Storyboards+Main.swift */ = {isa = PBXFileReference; lastKnownFileType = sourcecode.swift; path = "Storyboards+Main.swift"; sourceTree = "<group>"; };
		6E08B32A2A7EAC8000C3EE35 /* MainAssembler.swift */ = {isa = PBXFileReference; lastKnownFileType = sourcecode.swift; path = MainAssembler.swift; sourceTree = "<group>"; };
		6E08B32C2A7EAC8000C3EE35 /* MainNavigator.swift */ = {isa = PBXFileReference; lastKnownFileType = sourcecode.swift; path = MainNavigator.swift; sourceTree = "<group>"; };
		6E08B32E2A7EAC8000C3EE35 /* MainUseCase.swift */ = {isa = PBXFileReference; lastKnownFileType = sourcecode.swift; path = MainUseCase.swift; sourceTree = "<group>"; };
		6E08B3302A7EAC8000C3EE35 /* MainViewController.swift */ = {isa = PBXFileReference; lastKnownFileType = sourcecode.swift; path = MainViewController.swift; sourceTree = "<group>"; };
		6E08B3322A7EAC8000C3EE35 /* MainViewModel.swift */ = {isa = PBXFileReference; lastKnownFileType = sourcecode.swift; path = MainViewModel.swift; sourceTree = "<group>"; };
		6E14D6A12A887A20002E4900 /* CoomingSoonView.swift */ = {isa = PBXFileReference; lastKnownFileType = sourcecode.swift; path = CoomingSoonView.swift; sourceTree = "<group>"; };
		6E14D6A32A887A4D002E4900 /* CoomingSoonView.xib */ = {isa = PBXFileReference; lastKnownFileType = file.xib; path = CoomingSoonView.xib; sourceTree = "<group>"; };
		6E14D6A72A88819A002E4900 /* ProductViewAssembler.swift */ = {isa = PBXFileReference; lastKnownFileType = sourcecode.swift; path = ProductViewAssembler.swift; sourceTree = "<group>"; };
		6E14D6A82A88819A002E4900 /* ProductViewNavigator.swift */ = {isa = PBXFileReference; lastKnownFileType = sourcecode.swift; path = ProductViewNavigator.swift; sourceTree = "<group>"; };
		6E14D6A92A88819A002E4900 /* ProductViewUseCase.swift */ = {isa = PBXFileReference; lastKnownFileType = sourcecode.swift; path = ProductViewUseCase.swift; sourceTree = "<group>"; };
		6E14D6AA2A88819A002E4900 /* ProductViewViewController.swift */ = {isa = PBXFileReference; lastKnownFileType = sourcecode.swift; path = ProductViewViewController.swift; sourceTree = "<group>"; };
		6E14D6AB2A88819A002E4900 /* ProductViewViewModel.swift */ = {isa = PBXFileReference; lastKnownFileType = sourcecode.swift; path = ProductViewViewModel.swift; sourceTree = "<group>"; };
		6E14D6B12A8881B0002E4900 /* FavoriteAssembler.swift */ = {isa = PBXFileReference; lastKnownFileType = sourcecode.swift; path = FavoriteAssembler.swift; sourceTree = "<group>"; };
		6E14D6B22A8881B0002E4900 /* FavoriteNavigator.swift */ = {isa = PBXFileReference; lastKnownFileType = sourcecode.swift; path = FavoriteNavigator.swift; sourceTree = "<group>"; };
		6E14D6B32A8881B0002E4900 /* FavoriteUseCase.swift */ = {isa = PBXFileReference; lastKnownFileType = sourcecode.swift; path = FavoriteUseCase.swift; sourceTree = "<group>"; };
		6E14D6B42A8881B0002E4900 /* FavoriteViewController.swift */ = {isa = PBXFileReference; lastKnownFileType = sourcecode.swift; path = FavoriteViewController.swift; sourceTree = "<group>"; };
		6E14D6B52A8881B0002E4900 /* FavoriteViewModel.swift */ = {isa = PBXFileReference; lastKnownFileType = sourcecode.swift; path = FavoriteViewModel.swift; sourceTree = "<group>"; };
		6E14D6BB2A88893C002E4900 /* EmptyDataView.xib */ = {isa = PBXFileReference; lastKnownFileType = file.xib; path = EmptyDataView.xib; sourceTree = "<group>"; };
		6E14D6BD2A8894C4002E4900 /* UINavigationController+.swift */ = {isa = PBXFileReference; lastKnownFileType = sourcecode.swift; path = "UINavigationController+.swift"; sourceTree = "<group>"; };
		6E14D6C92A88AC82002E4900 /* CardView.swift */ = {isa = PBXFileReference; fileEncoding = 4; lastKnownFileType = sourcecode.swift; name = CardView.swift; path = Widget/CardView.swift; sourceTree = "<group>"; };
		6E14D6CA2A88AC82002E4900 /* PageIndicator.swift */ = {isa = PBXFileReference; fileEncoding = 4; lastKnownFileType = sourcecode.swift; name = PageIndicator.swift; path = Widget/PageIndicator.swift; sourceTree = "<group>"; };
		6E14D6CD2A88ACA2002E4900 /* DesignableUITextField.swift */ = {isa = PBXFileReference; fileEncoding = 4; lastKnownFileType = sourcecode.swift; name = DesignableUITextField.swift; path = Widget/DesignableUITextField.swift; sourceTree = "<group>"; };
		6E14D6D02A88B538002E4900 /* AreaSectionLayout.swift */ = {isa = PBXFileReference; lastKnownFileType = sourcecode.swift; path = AreaSectionLayout.swift; sourceTree = "<group>"; };
		6E14D6D22A88CA1D002E4900 /* AreaSectionCell.swift */ = {isa = PBXFileReference; lastKnownFileType = sourcecode.swift; path = AreaSectionCell.swift; sourceTree = "<group>"; };
		6E14D6D32A88CA1D002E4900 /* AreaSectionCell.xib */ = {isa = PBXFileReference; lastKnownFileType = file.xib; path = AreaSectionCell.xib; sourceTree = "<group>"; };
		6E83F4052A7F3733002D9BD8 /* Info.plist */ = {isa = PBXFileReference; lastKnownFileType = text.plist; path = Info.plist; sourceTree = "<group>"; };
		6E83F4072A7F5A5B002D9BD8 /* TabLayout.swift */ = {isa = PBXFileReference; fileEncoding = 4; lastKnownFileType = sourcecode.swift; name = TabLayout.swift; path = Widget/TabLayout.swift; sourceTree = "<group>"; };
		6E83F40A2A7F6A2E002D9BD8 /* HomeAssembler.swift */ = {isa = PBXFileReference; lastKnownFileType = sourcecode.swift; path = HomeAssembler.swift; sourceTree = "<group>"; };
		6E83F40B2A7F6A2E002D9BD8 /* HomeNavigator.swift */ = {isa = PBXFileReference; lastKnownFileType = sourcecode.swift; path = HomeNavigator.swift; sourceTree = "<group>"; };
		6E83F40C2A7F6A2F002D9BD8 /* HomeUseCase.swift */ = {isa = PBXFileReference; lastKnownFileType = sourcecode.swift; path = HomeUseCase.swift; sourceTree = "<group>"; };
		6E83F40D2A7F6A2F002D9BD8 /* HomeViewController.swift */ = {isa = PBXFileReference; lastKnownFileType = sourcecode.swift; path = HomeViewController.swift; sourceTree = "<group>"; };
		6E83F40E2A7F6A2F002D9BD8 /* HomeViewModel.swift */ = {isa = PBXFileReference; lastKnownFileType = sourcecode.swift; path = HomeViewModel.swift; sourceTree = "<group>"; };
		6E83F4182A7F6AA4002D9BD8 /* SearchAssembler.swift */ = {isa = PBXFileReference; lastKnownFileType = sourcecode.swift; path = SearchAssembler.swift; sourceTree = "<group>"; };
		6E83F4192A7F6AA4002D9BD8 /* SearchNavigator.swift */ = {isa = PBXFileReference; lastKnownFileType = sourcecode.swift; path = SearchNavigator.swift; sourceTree = "<group>"; };
		6E83F41A2A7F6AA4002D9BD8 /* SearchUseCase.swift */ = {isa = PBXFileReference; lastKnownFileType = sourcecode.swift; path = SearchUseCase.swift; sourceTree = "<group>"; };
		6E83F41B2A7F6AA4002D9BD8 /* SearchViewController.swift */ = {isa = PBXFileReference; lastKnownFileType = sourcecode.swift; path = SearchViewController.swift; sourceTree = "<group>"; };
		6E83F41C2A7F6AA4002D9BD8 /* SearchViewModel.swift */ = {isa = PBXFileReference; lastKnownFileType = sourcecode.swift; path = SearchViewModel.swift; sourceTree = "<group>"; };
		6E83F4222A7F6AC8002D9BD8 /* CollectionAssembler.swift */ = {isa = PBXFileReference; lastKnownFileType = sourcecode.swift; path = CollectionAssembler.swift; sourceTree = "<group>"; };
		6E83F4232A7F6AC8002D9BD8 /* CollectionNavigator.swift */ = {isa = PBXFileReference; lastKnownFileType = sourcecode.swift; path = CollectionNavigator.swift; sourceTree = "<group>"; };
		6E83F4242A7F6AC8002D9BD8 /* CollectionUseCase.swift */ = {isa = PBXFileReference; lastKnownFileType = sourcecode.swift; path = CollectionUseCase.swift; sourceTree = "<group>"; };
		6E83F4252A7F6AC8002D9BD8 /* CollectionViewController.swift */ = {isa = PBXFileReference; lastKnownFileType = sourcecode.swift; path = CollectionViewController.swift; sourceTree = "<group>"; };
		6E83F4262A7F6AC8002D9BD8 /* CollectionViewModel.swift */ = {isa = PBXFileReference; lastKnownFileType = sourcecode.swift; path = CollectionViewModel.swift; sourceTree = "<group>"; };
		6E83F4362A7F6AF6002D9BD8 /* MoreAssembler.swift */ = {isa = PBXFileReference; lastKnownFileType = sourcecode.swift; path = MoreAssembler.swift; sourceTree = "<group>"; };
		6E83F4372A7F6AF6002D9BD8 /* MoreNavigator.swift */ = {isa = PBXFileReference; lastKnownFileType = sourcecode.swift; path = MoreNavigator.swift; sourceTree = "<group>"; };
		6E83F4382A7F6AF6002D9BD8 /* MoreUseCase.swift */ = {isa = PBXFileReference; lastKnownFileType = sourcecode.swift; path = MoreUseCase.swift; sourceTree = "<group>"; };
		6E83F4392A7F6AF6002D9BD8 /* MoreViewController.swift */ = {isa = PBXFileReference; lastKnownFileType = sourcecode.swift; path = MoreViewController.swift; sourceTree = "<group>"; };
		6E83F43A2A7F6AF6002D9BD8 /* MoreViewModel.swift */ = {isa = PBXFileReference; lastKnownFileType = sourcecode.swift; path = MoreViewModel.swift; sourceTree = "<group>"; };
		6E83F4402A7F6EFF002D9BD8 /* NotificationAssembler.swift */ = {isa = PBXFileReference; lastKnownFileType = sourcecode.swift; path = NotificationAssembler.swift; sourceTree = "<group>"; };
		6E83F4412A7F6EFF002D9BD8 /* NotificationNavigator.swift */ = {isa = PBXFileReference; lastKnownFileType = sourcecode.swift; path = NotificationNavigator.swift; sourceTree = "<group>"; };
		6E83F4422A7F6EFF002D9BD8 /* NotificationUseCase.swift */ = {isa = PBXFileReference; lastKnownFileType = sourcecode.swift; path = NotificationUseCase.swift; sourceTree = "<group>"; };
		6E83F4432A7F6EFF002D9BD8 /* NotificationViewController.swift */ = {isa = PBXFileReference; lastKnownFileType = sourcecode.swift; path = NotificationViewController.swift; sourceTree = "<group>"; };
		6E83F4442A7F6EFF002D9BD8 /* NotificationViewModel.swift */ = {isa = PBXFileReference; lastKnownFileType = sourcecode.swift; path = NotificationViewModel.swift; sourceTree = "<group>"; };
		6EA473DF2A8796A800D23143 /* Province.swift */ = {isa = PBXFileReference; lastKnownFileType = sourcecode.swift; path = Province.swift; sourceTree = "<group>"; };
		6EA473E12A8796DA00D23143 /* API+Location.swift */ = {isa = PBXFileReference; lastKnownFileType = sourcecode.swift; path = "API+Location.swift"; sourceTree = "<group>"; };
		6EA473E32A87983800D23143 /* LocationGateway.swift */ = {isa = PBXFileReference; lastKnownFileType = sourcecode.swift; path = LocationGateway.swift; sourceTree = "<group>"; };
		6EA473E52A8798D700D23143 /* GetLocation.swift */ = {isa = PBXFileReference; lastKnownFileType = sourcecode.swift; path = GetLocation.swift; sourceTree = "<group>"; };
		6EA473E72A879B1E00D23143 /* UITableView+.swift */ = {isa = PBXFileReference; lastKnownFileType = sourcecode.swift; path = "UITableView+.swift"; sourceTree = "<group>"; };
		6EA473E92A87A45A00D23143 /* Marker.swift */ = {isa = PBXFileReference; lastKnownFileType = sourcecode.swift; path = Marker.swift; sourceTree = "<group>"; };
		6EA473EB2A87B83200D23143 /* en */ = {isa = PBXFileReference; lastKnownFileType = text.plist.strings; name = en; path = en.lproj/Localizable.strings; sourceTree = "<group>"; };
		6EA4D2832A87E06D00DDCDCD /* MarkerCell.swift */ = {isa = PBXFileReference; lastKnownFileType = sourcecode.swift; path = MarkerCell.swift; sourceTree = "<group>"; };
		6EA4D2842A87E06D00DDCDCD /* MarkerCell.xib */ = {isa = PBXFileReference; lastKnownFileType = file.xib; path = MarkerCell.xib; sourceTree = "<group>"; };
		6EA4D2882A87E0C600DDCDCD /* PageTableCell.swift */ = {isa = PBXFileReference; lastKnownFileType = sourcecode.swift; path = PageTableCell.swift; sourceTree = "<group>"; };
		6EB5B0882A7FF5F6004AAB38 /* GoogleService-Info.plist */ = {isa = PBXFileReference; fileEncoding = 4; lastKnownFileType = text.plist.xml; path = "GoogleService-Info.plist"; sourceTree = "<group>"; };
		6EB5B08D2A7FFA54004AAB38 /* MapViewAssembler.swift */ = {isa = PBXFileReference; lastKnownFileType = sourcecode.swift; path = MapViewAssembler.swift; sourceTree = "<group>"; };
		6EB5B08E2A7FFA54004AAB38 /* MapViewNavigator.swift */ = {isa = PBXFileReference; lastKnownFileType = sourcecode.swift; path = MapViewNavigator.swift; sourceTree = "<group>"; };
		6EB5B08F2A7FFA54004AAB38 /* MapViewUseCase.swift */ = {isa = PBXFileReference; lastKnownFileType = sourcecode.swift; path = MapViewUseCase.swift; sourceTree = "<group>"; };
		6EB5B0902A7FFA54004AAB38 /* MapViewViewController.swift */ = {isa = PBXFileReference; lastKnownFileType = sourcecode.swift; path = MapViewViewController.swift; sourceTree = "<group>"; };
		6EB5B0912A7FFA54004AAB38 /* MapViewViewModel.swift */ = {isa = PBXFileReference; lastKnownFileType = sourcecode.swift; path = MapViewViewModel.swift; sourceTree = "<group>"; };
		6EB5B0972A7FFAA6004AAB38 /* Map.storyboard */ = {isa = PBXFileReference; lastKnownFileType = file.storyboard; path = Map.storyboard; sourceTree = "<group>"; };
		6EB5B0992A7FFAC7004AAB38 /* Storyboards+Map.swift */ = {isa = PBXFileReference; lastKnownFileType = sourcecode.swift; path = "Storyboards+Map.swift"; sourceTree = "<group>"; };
		6EB8EAFD2A84415F0055BEFD /* API+Product.swift */ = {isa = PBXFileReference; lastKnownFileType = sourcecode.swift; path = "API+Product.swift"; sourceTree = "<group>"; };
		6EB8EAFF2A84442C0055BEFD /* Product.swift */ = {isa = PBXFileReference; lastKnownFileType = sourcecode.swift; path = Product.swift; sourceTree = "<group>"; };
		6EB8EB012A84451C0055BEFD /* GetProduct.swift */ = {isa = PBXFileReference; lastKnownFileType = sourcecode.swift; path = GetProduct.swift; sourceTree = "<group>"; };
		6EB8EB032A8445880055BEFD /* ProductGateway.swift */ = {isa = PBXFileReference; lastKnownFileType = sourcecode.swift; path = ProductGateway.swift; sourceTree = "<group>"; };
		6EB8EB052A8446CB0055BEFD /* SearchInfo.swift */ = {isa = PBXFileReference; lastKnownFileType = sourcecode.swift; path = SearchInfo.swift; sourceTree = "<group>"; };
		6EBC24232A7EB8C900E58B2E /* Assets.xcassets */ = {isa = PBXFileReference; lastKnownFileType = folder.assetcatalog; path = Assets.xcassets; sourceTree = "<group>"; };
		6EBC242F2A7EB8C900E58B2E /* Assembler.swift */ = {isa = PBXFileReference; fileEncoding = 4; lastKnownFileType = sourcecode.swift; path = Assembler.swift; sourceTree = "<group>"; };
		6EBC24412A7EB8C900E58B2E /* AppDelegate.swift */ = {isa = PBXFileReference; fileEncoding = 4; lastKnownFileType = sourcecode.swift; path = AppDelegate.swift; sourceTree = "<group>"; };
		6EBC24662A7EBCD400E58B2E /* UIImageView+SDWebImage.swift */ = {isa = PBXFileReference; fileEncoding = 4; lastKnownFileType = sourcecode.swift; path = "UIImageView+SDWebImage.swift"; sourceTree = "<group>"; };
		6EBC24672A7EBCD400E58B2E /* UIView+.swift */ = {isa = PBXFileReference; fileEncoding = 4; lastKnownFileType = sourcecode.swift; path = "UIView+.swift"; sourceTree = "<group>"; };
		6EBC24692A7EBCD400E58B2E /* UIViewController+.swift */ = {isa = PBXFileReference; fileEncoding = 4; lastKnownFileType = sourcecode.swift; path = "UIViewController+.swift"; sourceTree = "<group>"; };
		6EBC246A2A7EBCD400E58B2E /* UILabel+.swift */ = {isa = PBXFileReference; fileEncoding = 4; lastKnownFileType = sourcecode.swift; path = "UILabel+.swift"; sourceTree = "<group>"; };
		6EBC246B2A7EBCD400E58B2E /* UIViewController+Rx.swift */ = {isa = PBXFileReference; fileEncoding = 4; lastKnownFileType = sourcecode.swift; path = "UIViewController+Rx.swift"; sourceTree = "<group>"; };
		6EBC246C2A7EBCD400E58B2E /* UIImage.swift */ = {isa = PBXFileReference; fileEncoding = 4; lastKnownFileType = sourcecode.swift; path = UIImage.swift; sourceTree = "<group>"; };
		6EBC246D2A7EBCD400E58B2E /* UIApplication.swift */ = {isa = PBXFileReference; fileEncoding = 4; lastKnownFileType = sourcecode.swift; path = UIApplication.swift; sourceTree = "<group>"; };
		6EBC246E2A7EBCD400E58B2E /* UIColor+.swift */ = {isa = PBXFileReference; fileEncoding = 4; lastKnownFileType = sourcecode.swift; path = "UIColor+.swift"; sourceTree = "<group>"; };
		6EBC246F2A7EBCD400E58B2E /* Dimension.swift */ = {isa = PBXFileReference; fileEncoding = 4; lastKnownFileType = sourcecode.swift; path = Dimension.swift; sourceTree = "<group>"; };
		6EBC24702A7EBCD400E58B2E /* Utils.swift */ = {isa = PBXFileReference; fileEncoding = 4; lastKnownFileType = sourcecode.swift; path = Utils.swift; sourceTree = "<group>"; };
		6EBC247D2A7EBD8F00E58B2E /* SplashViewController.swift */ = {isa = PBXFileReference; fileEncoding = 4; lastKnownFileType = sourcecode.swift; path = SplashViewController.swift; sourceTree = "<group>"; };
		6EBC247E2A7EBD8F00E58B2E /* SplashViewModel.swift */ = {isa = PBXFileReference; fileEncoding = 4; lastKnownFileType = sourcecode.swift; path = SplashViewModel.swift; sourceTree = "<group>"; };
		6EBC247F2A7EBD8F00E58B2E /* Splash.storyboard */ = {isa = PBXFileReference; fileEncoding = 4; lastKnownFileType = file.storyboard; path = Splash.storyboard; sourceTree = "<group>"; };
		6EBC24802A7EBD8F00E58B2E /* Storyboards+Splash.swift */ = {isa = PBXFileReference; fileEncoding = 4; lastKnownFileType = sourcecode.swift; path = "Storyboards+Splash.swift"; sourceTree = "<group>"; };
		6EBC24812A7EBD8F00E58B2E /* SplashAssembler.swift */ = {isa = PBXFileReference; fileEncoding = 4; lastKnownFileType = sourcecode.swift; path = SplashAssembler.swift; sourceTree = "<group>"; };
		6EBC24822A7EBD8F00E58B2E /* SplashUseCase.swift */ = {isa = PBXFileReference; fileEncoding = 4; lastKnownFileType = sourcecode.swift; path = SplashUseCase.swift; sourceTree = "<group>"; };
		6EBC24832A7EBD8F00E58B2E /* SplashNavigator.swift */ = {isa = PBXFileReference; fileEncoding = 4; lastKnownFileType = sourcecode.swift; path = SplashNavigator.swift; sourceTree = "<group>"; };
		6EBE4AD42A8905D00005B23F /* ProductAssembler.swift */ = {isa = PBXFileReference; lastKnownFileType = sourcecode.swift; path = ProductAssembler.swift; sourceTree = "<group>"; };
		6EBE4AD52A8905D00005B23F /* ProductNavigator.swift */ = {isa = PBXFileReference; lastKnownFileType = sourcecode.swift; path = ProductNavigator.swift; sourceTree = "<group>"; };
		6EBE4AD62A8905D00005B23F /* ProductUseCase.swift */ = {isa = PBXFileReference; lastKnownFileType = sourcecode.swift; path = ProductUseCase.swift; sourceTree = "<group>"; };
		6EBE4AD72A8905D00005B23F /* ProductViewController.swift */ = {isa = PBXFileReference; lastKnownFileType = sourcecode.swift; path = ProductViewController.swift; sourceTree = "<group>"; };
		6EBE4AD82A8905D00005B23F /* ProductViewModel.swift */ = {isa = PBXFileReference; lastKnownFileType = sourcecode.swift; path = ProductViewModel.swift; sourceTree = "<group>"; };
		6EBE4ADE2A8905EE0005B23F /* Product.storyboard */ = {isa = PBXFileReference; lastKnownFileType = file.storyboard; path = Product.storyboard; sourceTree = "<group>"; };
		6EBE4AE02A8906090005B23F /* Storyboards+Product.swift */ = {isa = PBXFileReference; lastKnownFileType = sourcecode.swift; path = "Storyboards+Product.swift"; sourceTree = "<group>"; };
		6EBE4AE32A8906800005B23F /* ProductListAssembler.swift */ = {isa = PBXFileReference; lastKnownFileType = sourcecode.swift; path = ProductListAssembler.swift; sourceTree = "<group>"; };
		6EBE4AE42A8906800005B23F /* ProductListNavigator.swift */ = {isa = PBXFileReference; lastKnownFileType = sourcecode.swift; path = ProductListNavigator.swift; sourceTree = "<group>"; };
		6EBE4AE52A8906800005B23F /* ProductListUseCase.swift */ = {isa = PBXFileReference; lastKnownFileType = sourcecode.swift; path = ProductListUseCase.swift; sourceTree = "<group>"; };
		6EBE4AE62A8906800005B23F /* ProductListViewController.swift */ = {isa = PBXFileReference; lastKnownFileType = sourcecode.swift; path = ProductListViewController.swift; sourceTree = "<group>"; };
		6EBE4AE72A8906800005B23F /* ProductListViewModel.swift */ = {isa = PBXFileReference; lastKnownFileType = sourcecode.swift; path = ProductListViewModel.swift; sourceTree = "<group>"; };
		6EBE4AEE2A8914CF0005B23F /* ProductCell.swift */ = {isa = PBXFileReference; lastKnownFileType = sourcecode.swift; path = ProductCell.swift; sourceTree = "<group>"; };
		6EBE4AEF2A8914CF0005B23F /* ProductCell.xib */ = {isa = PBXFileReference; lastKnownFileType = file.xib; path = ProductCell.xib; sourceTree = "<group>"; };
		6ECB455D2A88CBCA005D1B33 /* AreaCell.swift */ = {isa = PBXFileReference; lastKnownFileType = sourcecode.swift; path = AreaCell.swift; sourceTree = "<group>"; };
		6ECB455E2A88CBCA005D1B33 /* AreaCell.xib */ = {isa = PBXFileReference; lastKnownFileType = file.xib; path = AreaCell.xib; sourceTree = "<group>"; };
		6ECC2A4A2A7F775A0053130A /* Constants.swift */ = {isa = PBXFileReference; lastKnownFileType = sourcecode.swift; path = Constants.swift; sourceTree = "<group>"; };
		6ECC2A4D2A7F7B470053130A /* HeaderCell.swift */ = {isa = PBXFileReference; fileEncoding = 4; lastKnownFileType = sourcecode.swift; path = HeaderCell.swift; sourceTree = "<group>"; };
		6ECC2A4E2A7F7B470053130A /* HeaderCell.xib */ = {isa = PBXFileReference; fileEncoding = 4; lastKnownFileType = file.xib; path = HeaderCell.xib; sourceTree = "<group>"; };
		6ECC2A502A7F7B470053130A /* HeaderSectionLayout.swift */ = {isa = PBXFileReference; fileEncoding = 4; lastKnownFileType = sourcecode.swift; path = HeaderSectionLayout.swift; sourceTree = "<group>"; };
		6ECC2A552A7F7D660053130A /* Banner.swift */ = {isa = PBXFileReference; lastKnownFileType = sourcecode.swift; path = Banner.swift; sourceTree = "<group>"; };
		6ECC2A582A7F7E6C0053130A /* LayoutOptions.swift */ = {isa = PBXFileReference; fileEncoding = 4; lastKnownFileType = sourcecode.swift; path = LayoutOptions.swift; sourceTree = "<group>"; };
		6ECC2A592A7F7E6C0053130A /* PageSectionViewModel.swift */ = {isa = PBXFileReference; fileEncoding = 4; lastKnownFileType = sourcecode.swift; path = PageSectionViewModel.swift; sourceTree = "<group>"; };
		6ECC2A5A2A7F7E6C0053130A /* PageCollectionCell.swift */ = {isa = PBXFileReference; fileEncoding = 4; lastKnownFileType = sourcecode.swift; path = PageCollectionCell.swift; sourceTree = "<group>"; };
		6ECC2A5B2A7F7E6C0053130A /* SectionLayout.swift */ = {isa = PBXFileReference; fileEncoding = 4; lastKnownFileType = sourcecode.swift; path = SectionLayout.swift; sourceTree = "<group>"; };
		6ECC2A622A7F84110053130A /* UICollectionView+.swift */ = {isa = PBXFileReference; fileEncoding = 4; lastKnownFileType = sourcecode.swift; path = "UICollectionView+.swift"; sourceTree = "<group>"; };
		6ECC2A652A7F847C0053130A /* EmptyDataView.swift */ = {isa = PBXFileReference; fileEncoding = 4; lastKnownFileType = sourcecode.swift; path = EmptyDataView.swift; sourceTree = "<group>"; };
		6ECC2A692A7F89360053130A /* GetCategory.swift */ = {isa = PBXFileReference; lastKnownFileType = sourcecode.swift; path = GetCategory.swift; sourceTree = "<group>"; };
		6ECC2A6B2A7F89C10053130A /* CategoryGateway.swift */ = {isa = PBXFileReference; lastKnownFileType = sourcecode.swift; path = CategoryGateway.swift; sourceTree = "<group>"; };
		6ECC2A6D2A7F8A480053130A /* API+Category.swift */ = {isa = PBXFileReference; lastKnownFileType = sourcecode.swift; path = "API+Category.swift"; sourceTree = "<group>"; };
		6ED1487D2A85119600763797 /* vi */ = {isa = PBXFileReference; lastKnownFileType = text.plist.strings; name = vi; path = vi.lproj/Localizable.strings; sourceTree = "<group>"; };
		6ED148912A85347C00763797 /* DefaultStorage.swift */ = {isa = PBXFileReference; fileEncoding = 4; lastKnownFileType = sourcecode.swift; path = DefaultStorage.swift; sourceTree = "<group>"; };
		6ED148952A85349500763797 /* IBDesignable+Localize.swift */ = {isa = PBXFileReference; fileEncoding = 4; lastKnownFileType = sourcecode.swift; path = "IBDesignable+Localize.swift"; sourceTree = "<group>"; };
		6ED148962A85349500763797 /* String+LocalizeTableName.swift */ = {isa = PBXFileReference; fileEncoding = 4; lastKnownFileType = sourcecode.swift; path = "String+LocalizeTableName.swift"; sourceTree = "<group>"; };
		6ED148972A85349500763797 /* Localize.swift */ = {isa = PBXFileReference; fileEncoding = 4; lastKnownFileType = sourcecode.swift; path = Localize.swift; sourceTree = "<group>"; };
		6ED148982A85349500763797 /* String+LocalizeBundle.swift */ = {isa = PBXFileReference; fileEncoding = 4; lastKnownFileType = sourcecode.swift; path = "String+LocalizeBundle.swift"; sourceTree = "<group>"; };
		6ED148992A85349500763797 /* String+LocalizedBundleTableName.swift */ = {isa = PBXFileReference; fileEncoding = 4; lastKnownFileType = sourcecode.swift; path = "String+LocalizedBundleTableName.swift"; sourceTree = "<group>"; };
		6ED362452A8A558300AAF5AF /* District.swift */ = {isa = PBXFileReference; lastKnownFileType = sourcecode.swift; path = District.swift; sourceTree = "<group>"; };
		6ED497E92A866DC3004885A5 /* SearchByMarkerAssembler.swift */ = {isa = PBXFileReference; lastKnownFileType = sourcecode.swift; path = SearchByMarkerAssembler.swift; sourceTree = "<group>"; };
		6ED497EA2A866DC3004885A5 /* SearchByMarkerNavigator.swift */ = {isa = PBXFileReference; lastKnownFileType = sourcecode.swift; path = SearchByMarkerNavigator.swift; sourceTree = "<group>"; };
		6ED497EB2A866DC3004885A5 /* SearchByMarkerUseCase.swift */ = {isa = PBXFileReference; lastKnownFileType = sourcecode.swift; path = SearchByMarkerUseCase.swift; sourceTree = "<group>"; };
		6ED497EC2A866DC3004885A5 /* SearchByMarkerViewController.swift */ = {isa = PBXFileReference; lastKnownFileType = sourcecode.swift; path = SearchByMarkerViewController.swift; sourceTree = "<group>"; };
		6ED497ED2A866DC3004885A5 /* SearchByMarkerViewModel.swift */ = {isa = PBXFileReference; lastKnownFileType = sourcecode.swift; path = SearchByMarkerViewModel.swift; sourceTree = "<group>"; };
		6ED497F32A866DDF004885A5 /* SearchByLocationAssembler.swift */ = {isa = PBXFileReference; lastKnownFileType = sourcecode.swift; path = SearchByLocationAssembler.swift; sourceTree = "<group>"; };
		6ED497F42A866DDF004885A5 /* SearchByLocationNavigator.swift */ = {isa = PBXFileReference; lastKnownFileType = sourcecode.swift; path = SearchByLocationNavigator.swift; sourceTree = "<group>"; };
		6ED497F52A866DDF004885A5 /* SearchByLocationUseCase.swift */ = {isa = PBXFileReference; lastKnownFileType = sourcecode.swift; path = SearchByLocationUseCase.swift; sourceTree = "<group>"; };
		6ED497F62A866DDF004885A5 /* SearchByLocationViewController.swift */ = {isa = PBXFileReference; lastKnownFileType = sourcecode.swift; path = SearchByLocationViewController.swift; sourceTree = "<group>"; };
		6ED497F72A866DDF004885A5 /* SearchByLocationViewModel.swift */ = {isa = PBXFileReference; lastKnownFileType = sourcecode.swift; path = SearchByLocationViewModel.swift; sourceTree = "<group>"; };
		A984F581DE5D708779DAF076 /* Pods-PropertyHero.debug.xcconfig */ = {isa = PBXFileReference; includeInIndex = 1; lastKnownFileType = text.xcconfig; name = "Pods-PropertyHero.debug.xcconfig"; path = "Target Support Files/Pods-PropertyHero/Pods-PropertyHero.debug.xcconfig"; sourceTree = "<group>"; };
		E112FD19CC3546FD323A8D3D /* Pods_PropertyHero.framework */ = {isa = PBXFileReference; explicitFileType = wrapper.framework; includeInIndex = 0; path = Pods_PropertyHero.framework; sourceTree = BUILT_PRODUCTS_DIR; };
/* End PBXFileReference section */

/* Begin PBXFrameworksBuildPhase section */
		6E08B2F22A7EAC8000C3EE35 /* Frameworks */ = {
			isa = PBXFrameworksBuildPhase;
			buildActionMask = 2147483647;
			files = (
				4F03A7E3F93F664E094552C6 /* Pods_PropertyHero.framework in Frameworks */,
			);
			runOnlyForDeploymentPostprocessing = 0;
		};
/* End PBXFrameworksBuildPhase section */

/* Begin PBXGroup section */
		21D9634D881B251AD5564C5E /* Pods */ = {
			isa = PBXGroup;
			children = (
				A984F581DE5D708779DAF076 /* Pods-PropertyHero.debug.xcconfig */,
				0273A0E7BE90C7DB1DAE3C45 /* Pods-PropertyHero.release.xcconfig */,
			);
			path = Pods;
			sourceTree = "<group>";
		};
		6E08B2EC2A7EAC8000C3EE35 = {
			isa = PBXGroup;
			children = (
				6E08B2F72A7EAC8000C3EE35 /* PropertyHero */,
				6E08B2F62A7EAC8000C3EE35 /* Products */,
				21D9634D881B251AD5564C5E /* Pods */,
				9886FDF07277817AF264ADE7 /* Frameworks */,
			);
			sourceTree = "<group>";
		};
		6E08B2F62A7EAC8000C3EE35 /* Products */ = {
			isa = PBXGroup;
			children = (
				6E08B2F52A7EAC8000C3EE35 /* PropertyHero.app */,
			);
			name = Products;
			sourceTree = "<group>";
		};
		6E08B2F72A7EAC8000C3EE35 /* PropertyHero */ = {
			isa = PBXGroup;
			children = (
				6E08B3022A7EAC8000C3EE35 /* Config */,
				6E08B30C2A7EAC8000C3EE35 /* Data */,
				6E08B3052A7EAC8000C3EE35 /* Domain */,
				6E08B3192A7EAC8000C3EE35 /* Scenes */,
				6EBC24642A7EBCD400E58B2E /* Support */,
				6E83F4062A7F59C3002D9BD8 /* Widget */,
				6E08B31A2A7EAC8000C3EE35 /* Storyboards.swift */,
				6EBC24412A7EB8C900E58B2E /* AppDelegate.swift */,
				6EBC242F2A7EB8C900E58B2E /* Assembler.swift */,
				6EB5B0882A7FF5F6004AAB38 /* GoogleService-Info.plist */,
				6E83F4052A7F3733002D9BD8 /* Info.plist */,
				6EBC24232A7EB8C900E58B2E /* Assets.xcassets */,
				6ED1487E2A85119600763797 /* Localizable.strings */,
			);
			path = PropertyHero;
			sourceTree = "<group>";
		};
		6E08B3022A7EAC8000C3EE35 /* Config */ = {
			isa = PBXGroup;
			children = (
				6E08B3032A7EAC8000C3EE35 /* APIUrls.swift */,
			);
			path = Config;
			sourceTree = "<group>";
		};
		6E08B3052A7EAC8000C3EE35 /* Domain */ = {
			isa = PBXGroup;
			children = (
				6EA4D2872A87E0A400DDCDCD /* Page */,
				6E08B3062A7EAC8000C3EE35 /* Entities */,
				6E08B3092A7EAC8000C3EE35 /* UseCases */,
			);
			path = Domain;
			sourceTree = "<group>";
		};
		6E08B3062A7EAC8000C3EE35 /* Entities */ = {
			isa = PBXGroup;
			children = (
				6ECC2A552A7F7D660053130A /* Banner.swift */,
				6EB8EAFF2A84442C0055BEFD /* Product.swift */,
				6EB8EB052A8446CB0055BEFD /* SearchInfo.swift */,
				6EA473DF2A8796A800D23143 /* Province.swift */,
				6EA473E92A87A45A00D23143 /* Marker.swift */,
				6ED362452A8A558300AAF5AF /* District.swift */,
			);
			path = Entities;
			sourceTree = "<group>";
		};
		6E08B3092A7EAC8000C3EE35 /* UseCases */ = {
			isa = PBXGroup;
			children = (
				6ECC2A692A7F89360053130A /* GetCategory.swift */,
				6EB8EB012A84451C0055BEFD /* GetProduct.swift */,
				6EA473E52A8798D700D23143 /* GetLocation.swift */,
			);
			path = UseCases;
			sourceTree = "<group>";
		};
		6E08B30C2A7EAC8000C3EE35 /* Data */ = {
			isa = PBXGroup;
			children = (
				6ED1488E2A851F0B00763797 /* UserDefaults */,
				6E08B30D2A7EAC8000C3EE35 /* API */,
				6E08B3162A7EAC8000C3EE35 /* Gateways */,
			);
			path = Data;
			sourceTree = "<group>";
		};
		6E08B30D2A7EAC8000C3EE35 /* API */ = {
			isa = PBXGroup;
			children = (
				6E08B30E2A7EAC8000C3EE35 /* APIError.swift */,
				6E08B3102A7EAC8000C3EE35 /* APIInput.swift */,
				6E08B3122A7EAC8000C3EE35 /* APIOutput.swift */,
				6E08B3142A7EAC8000C3EE35 /* APIService.swift */,
				6ECC2A6D2A7F8A480053130A /* API+Category.swift */,
				6EB8EAFD2A84415F0055BEFD /* API+Product.swift */,
				6EA473E12A8796DA00D23143 /* API+Location.swift */,
			);
			path = API;
			sourceTree = "<group>";
		};
		6E08B3162A7EAC8000C3EE35 /* Gateways */ = {
			isa = PBXGroup;
			children = (
				6E08B3172A7EAC8000C3EE35 /* GatewaysAssembler.swift */,
				6ECC2A6B2A7F89C10053130A /* CategoryGateway.swift */,
				6EB8EB032A8445880055BEFD /* ProductGateway.swift */,
				6EA473E32A87983800D23143 /* LocationGateway.swift */,
			);
			path = Gateways;
			sourceTree = "<group>";
		};
		6E08B3192A7EAC8000C3EE35 /* Scenes */ = {
			isa = PBXGroup;
			children = (
				6EBE4AD32A8905AB0005B23F /* Product */,
				6EB5B08A2A7FF9D3004AAB38 /* Map */,
				6E08B3252A7EAC8000C3EE35 /* Main */,
				6EBC247C2A7EBD8F00E58B2E /* Splash */,
				6ECC2A642A7F847C0053130A /* Common */,
			);
			path = Scenes;
			sourceTree = "<group>";
		};
		6E08B3252A7EAC8000C3EE35 /* Main */ = {
			isa = PBXGroup;
			children = (
				6E08B3262A7EAC8000C3EE35 /* Main.storyboard */,
				6E08B3282A7EAC8000C3EE35 /* Storyboards+Main.swift */,
				6E83F4092A7F6A0C002D9BD8 /* Home */,
				6E83F4142A7F6A62002D9BD8 /* Search */,
				6E83F4152A7F6A70002D9BD8 /* Collection */,
				6E83F4162A7F6A7B002D9BD8 /* Notification */,
				6E83F4172A7F6A8C002D9BD8 /* More */,
				6E08B32A2A7EAC8000C3EE35 /* MainAssembler.swift */,
				6E08B32C2A7EAC8000C3EE35 /* MainNavigator.swift */,
				6E08B32E2A7EAC8000C3EE35 /* MainUseCase.swift */,
				6E08B3302A7EAC8000C3EE35 /* MainViewController.swift */,
				6E08B3322A7EAC8000C3EE35 /* MainViewModel.swift */,
			);
			path = Main;
			sourceTree = "<group>";
		};
		6E14D6A52A888168002E4900 /* Favorite */ = {
			isa = PBXGroup;
			children = (
				6E14D6B12A8881B0002E4900 /* FavoriteAssembler.swift */,
				6E14D6B22A8881B0002E4900 /* FavoriteNavigator.swift */,
				6E14D6B32A8881B0002E4900 /* FavoriteUseCase.swift */,
				6E14D6B42A8881B0002E4900 /* FavoriteViewController.swift */,
				6E14D6B52A8881B0002E4900 /* FavoriteViewModel.swift */,
			);
			path = Favorite;
			sourceTree = "<group>";
		};
		6E14D6A62A888177002E4900 /* ProductView */ = {
			isa = PBXGroup;
			children = (
				6E14D6A72A88819A002E4900 /* ProductViewAssembler.swift */,
				6E14D6A82A88819A002E4900 /* ProductViewNavigator.swift */,
				6E14D6A92A88819A002E4900 /* ProductViewUseCase.swift */,
				6E14D6AA2A88819A002E4900 /* ProductViewViewController.swift */,
				6E14D6AB2A88819A002E4900 /* ProductViewViewModel.swift */,
			);
			path = ProductView;
			sourceTree = "<group>";
		};
		6E14D6BF2A88A702002E4900 /* AreaPage */ = {
			isa = PBXGroup;
			children = (
				6E14D6C42A88AB08002E4900 /* AreaCell */,
				6E14D6D32A88CA1D002E4900 /* AreaSectionCell.xib */,
				6E14D6D22A88CA1D002E4900 /* AreaSectionCell.swift */,
				6E14D6D02A88B538002E4900 /* AreaSectionLayout.swift */,
			);
			path = AreaPage;
			sourceTree = "<group>";
		};
		6E14D6C42A88AB08002E4900 /* AreaCell */ = {
			isa = PBXGroup;
			children = (
				6ECB455E2A88CBCA005D1B33 /* AreaCell.xib */,
				6ECB455D2A88CBCA005D1B33 /* AreaCell.swift */,
			);
			path = AreaCell;
			sourceTree = "<group>";
		};
		6E83F4062A7F59C3002D9BD8 /* Widget */ = {
			isa = PBXGroup;
			children = (
				6E14D6CD2A88ACA2002E4900 /* DesignableUITextField.swift */,
				6E14D6C92A88AC82002E4900 /* CardView.swift */,
				6E14D6CA2A88AC82002E4900 /* PageIndicator.swift */,
				6E83F4072A7F5A5B002D9BD8 /* TabLayout.swift */,
			);
			name = Widget;
			sourceTree = "<group>";
		};
		6E83F4092A7F6A0C002D9BD8 /* Home */ = {
			isa = PBXGroup;
			children = (
				6ECC2A572A7F7E330053130A /* Section */,
				6E83F40A2A7F6A2E002D9BD8 /* HomeAssembler.swift */,
				6E83F40B2A7F6A2E002D9BD8 /* HomeNavigator.swift */,
				6E83F40C2A7F6A2F002D9BD8 /* HomeUseCase.swift */,
				6E83F40D2A7F6A2F002D9BD8 /* HomeViewController.swift */,
				6E83F40E2A7F6A2F002D9BD8 /* HomeViewModel.swift */,
			);
			path = Home;
			sourceTree = "<group>";
		};
		6E83F4142A7F6A62002D9BD8 /* Search */ = {
			isa = PBXGroup;
			children = (
				6ED497E72A866D5A004885A5 /* Marker */,
				6ED497E82A866D87004885A5 /* Location */,
				6E83F4182A7F6AA4002D9BD8 /* SearchAssembler.swift */,
				6E83F4192A7F6AA4002D9BD8 /* SearchNavigator.swift */,
				6E83F41A2A7F6AA4002D9BD8 /* SearchUseCase.swift */,
				6E83F41B2A7F6AA4002D9BD8 /* SearchViewController.swift */,
				6E83F41C2A7F6AA4002D9BD8 /* SearchViewModel.swift */,
			);
			path = Search;
			sourceTree = "<group>";
		};
		6E83F4152A7F6A70002D9BD8 /* Collection */ = {
			isa = PBXGroup;
			children = (
				6E14D6A62A888177002E4900 /* ProductView */,
				6E14D6A52A888168002E4900 /* Favorite */,
				6E83F4222A7F6AC8002D9BD8 /* CollectionAssembler.swift */,
				6E83F4232A7F6AC8002D9BD8 /* CollectionNavigator.swift */,
				6E83F4242A7F6AC8002D9BD8 /* CollectionUseCase.swift */,
				6E83F4252A7F6AC8002D9BD8 /* CollectionViewController.swift */,
				6E83F4262A7F6AC8002D9BD8 /* CollectionViewModel.swift */,
			);
			path = Collection;
			sourceTree = "<group>";
		};
		6E83F4162A7F6A7B002D9BD8 /* Notification */ = {
			isa = PBXGroup;
			children = (
				6E83F4402A7F6EFF002D9BD8 /* NotificationAssembler.swift */,
				6E83F4412A7F6EFF002D9BD8 /* NotificationNavigator.swift */,
				6E83F4422A7F6EFF002D9BD8 /* NotificationUseCase.swift */,
				6E83F4432A7F6EFF002D9BD8 /* NotificationViewController.swift */,
				6E83F4442A7F6EFF002D9BD8 /* NotificationViewModel.swift */,
			);
			path = Notification;
			sourceTree = "<group>";
		};
		6E83F4172A7F6A8C002D9BD8 /* More */ = {
			isa = PBXGroup;
			children = (
				6E83F4362A7F6AF6002D9BD8 /* MoreAssembler.swift */,
				6E83F4372A7F6AF6002D9BD8 /* MoreNavigator.swift */,
				6E83F4382A7F6AF6002D9BD8 /* MoreUseCase.swift */,
				6E83F4392A7F6AF6002D9BD8 /* MoreViewController.swift */,
				6E83F43A2A7F6AF6002D9BD8 /* MoreViewModel.swift */,
			);
			path = More;
			sourceTree = "<group>";
		};
		6EA4D2822A87E01A00DDCDCD /* Page */ = {
			isa = PBXGroup;
			children = (
				6EA4D2832A87E06D00DDCDCD /* MarkerCell.swift */,
				6EA4D2842A87E06D00DDCDCD /* MarkerCell.xib */,
			);
			path = Page;
			sourceTree = "<group>";
		};
		6EA4D2872A87E0A400DDCDCD /* Page */ = {
			isa = PBXGroup;
			children = (
				6ECC2A582A7F7E6C0053130A /* LayoutOptions.swift */,
				6ECC2A5B2A7F7E6C0053130A /* SectionLayout.swift */,
				6ECC2A5A2A7F7E6C0053130A /* PageCollectionCell.swift */,
				6EA4D2882A87E0C600DDCDCD /* PageTableCell.swift */,
			);
			path = Page;
			sourceTree = "<group>";
		};
		6EB5B08A2A7FF9D3004AAB38 /* Map */ = {
			isa = PBXGroup;
			children = (
				6EB5B0972A7FFAA6004AAB38 /* Map.storyboard */,
				6EB5B0992A7FFAC7004AAB38 /* Storyboards+Map.swift */,
				6EB5B08D2A7FFA54004AAB38 /* MapViewAssembler.swift */,
				6EB5B08E2A7FFA54004AAB38 /* MapViewNavigator.swift */,
				6EB5B08F2A7FFA54004AAB38 /* MapViewUseCase.swift */,
				6EB5B0902A7FFA54004AAB38 /* MapViewViewController.swift */,
				6EB5B0912A7FFA54004AAB38 /* MapViewViewModel.swift */,
			);
			path = Map;
			sourceTree = "<group>";
		};
		6EBC24642A7EBCD400E58B2E /* Support */ = {
			isa = PBXGroup;
			children = (
				6ED148932A85349500763797 /* Localize */,
				6EBC24652A7EBCD400E58B2E /* Extensions */,
				6ECC2A4A2A7F775A0053130A /* Constants.swift */,
				6EBC246F2A7EBCD400E58B2E /* Dimension.swift */,
				6EBC24702A7EBCD400E58B2E /* Utils.swift */,
			);
			path = Support;
			sourceTree = "<group>";
		};
		6EBC24652A7EBCD400E58B2E /* Extensions */ = {
			isa = PBXGroup;
			children = (
				6ECC2A622A7F84110053130A /* UICollectionView+.swift */,
				6EBC24662A7EBCD400E58B2E /* UIImageView+SDWebImage.swift */,
				6EBC24672A7EBCD400E58B2E /* UIView+.swift */,
				6EBC24692A7EBCD400E58B2E /* UIViewController+.swift */,
				6EBC246A2A7EBCD400E58B2E /* UILabel+.swift */,
				6EBC246B2A7EBCD400E58B2E /* UIViewController+Rx.swift */,
				6EBC246C2A7EBCD400E58B2E /* UIImage.swift */,
				6EBC246D2A7EBCD400E58B2E /* UIApplication.swift */,
				6EBC246E2A7EBCD400E58B2E /* UIColor+.swift */,
				6EA473E72A879B1E00D23143 /* UITableView+.swift */,
				6E14D6BD2A8894C4002E4900 /* UINavigationController+.swift */,
			);
			path = Extensions;
			sourceTree = "<group>";
		};
		6EBC247C2A7EBD8F00E58B2E /* Splash */ = {
			isa = PBXGroup;
			children = (
				6EBC247F2A7EBD8F00E58B2E /* Splash.storyboard */,
				6EBC24802A7EBD8F00E58B2E /* Storyboards+Splash.swift */,
				6EBC24812A7EBD8F00E58B2E /* SplashAssembler.swift */,
				6EBC24832A7EBD8F00E58B2E /* SplashNavigator.swift */,
				6EBC24822A7EBD8F00E58B2E /* SplashUseCase.swift */,
				6EBC247D2A7EBD8F00E58B2E /* SplashViewController.swift */,
				6EBC247E2A7EBD8F00E58B2E /* SplashViewModel.swift */,
			);
			path = Splash;
			sourceTree = "<group>";
		};
		6EBE4AD32A8905AB0005B23F /* Product */ = {
			isa = PBXGroup;
			children = (
				6EBE4ADE2A8905EE0005B23F /* Product.storyboard */,
				6EBE4AE02A8906090005B23F /* Storyboards+Product.swift */,
				6EBE4AE22A8906550005B23F /* List */,
				6EBE4AD42A8905D00005B23F /* ProductAssembler.swift */,
				6EBE4AD52A8905D00005B23F /* ProductNavigator.swift */,
				6EBE4AD62A8905D00005B23F /* ProductUseCase.swift */,
				6EBE4AD72A8905D00005B23F /* ProductViewController.swift */,
				6EBE4AD82A8905D00005B23F /* ProductViewModel.swift */,
			);
			path = Product;
			sourceTree = "<group>";
		};
		6EBE4AE22A8906550005B23F /* List */ = {
			isa = PBXGroup;
			children = (
				6EBE4AED2A8914A40005B23F /* Page */,
				6EBE4AE32A8906800005B23F /* ProductListAssembler.swift */,
				6EBE4AE42A8906800005B23F /* ProductListNavigator.swift */,
				6EBE4AE52A8906800005B23F /* ProductListUseCase.swift */,
				6EBE4AE62A8906800005B23F /* ProductListViewController.swift */,
				6EBE4AE72A8906800005B23F /* ProductListViewModel.swift */,
			);
			path = List;
			sourceTree = "<group>";
		};
		6EBE4AED2A8914A40005B23F /* Page */ = {
			isa = PBXGroup;
			children = (
				6EBE4AEF2A8914CF0005B23F /* ProductCell.xib */,
				6EBE4AEE2A8914CF0005B23F /* ProductCell.swift */,
			);
			path = Page;
			sourceTree = "<group>";
		};
		6ECC2A4C2A7F7AF90053130A /* Header */ = {
			isa = PBXGroup;
			children = (
				6ECC2A4E2A7F7B470053130A /* HeaderCell.xib */,
				6ECC2A4D2A7F7B470053130A /* HeaderCell.swift */,
				6ECC2A502A7F7B470053130A /* HeaderSectionLayout.swift */,
			);
			path = Header;
			sourceTree = "<group>";
		};
		6ECC2A572A7F7E330053130A /* Section */ = {
			isa = PBXGroup;
			children = (
				6E14D6BF2A88A702002E4900 /* AreaPage */,
				6ECC2A4C2A7F7AF90053130A /* Header */,
				6ECC2A592A7F7E6C0053130A /* PageSectionViewModel.swift */,
			);
			path = Section;
			sourceTree = "<group>";
		};
		6ECC2A642A7F847C0053130A /* Common */ = {
			isa = PBXGroup;
			children = (
				6ECC2A652A7F847C0053130A /* EmptyDataView.swift */,
				6E14D6BB2A88893C002E4900 /* EmptyDataView.xib */,
				6E14D6A12A887A20002E4900 /* CoomingSoonView.swift */,
				6E14D6A32A887A4D002E4900 /* CoomingSoonView.xib */,
			);
			path = Common;
			sourceTree = "<group>";
		};
		6ED1488E2A851F0B00763797 /* UserDefaults */ = {
			isa = PBXGroup;
			children = (
				6ED148912A85347C00763797 /* DefaultStorage.swift */,
			);
			path = UserDefaults;
			sourceTree = "<group>";
		};
		6ED148932A85349500763797 /* Localize */ = {
			isa = PBXGroup;
			children = (
				6ED148942A85349500763797 /* UI */,
				6ED148962A85349500763797 /* String+LocalizeTableName.swift */,
				6ED148972A85349500763797 /* Localize.swift */,
				6ED148982A85349500763797 /* String+LocalizeBundle.swift */,
				6ED148992A85349500763797 /* String+LocalizedBundleTableName.swift */,
			);
			path = Localize;
			sourceTree = "<group>";
		};
		6ED148942A85349500763797 /* UI */ = {
			isa = PBXGroup;
			children = (
				6ED148952A85349500763797 /* IBDesignable+Localize.swift */,
			);
			path = UI;
			sourceTree = "<group>";
		};
		6ED497E72A866D5A004885A5 /* Marker */ = {
			isa = PBXGroup;
			children = (
				6EA4D2822A87E01A00DDCDCD /* Page */,
				6ED497E92A866DC3004885A5 /* SearchByMarkerAssembler.swift */,
				6ED497EA2A866DC3004885A5 /* SearchByMarkerNavigator.swift */,
				6ED497EB2A866DC3004885A5 /* SearchByMarkerUseCase.swift */,
				6ED497EC2A866DC3004885A5 /* SearchByMarkerViewController.swift */,
				6ED497ED2A866DC3004885A5 /* SearchByMarkerViewModel.swift */,
			);
			path = Marker;
			sourceTree = "<group>";
		};
		6ED497E82A866D87004885A5 /* Location */ = {
			isa = PBXGroup;
			children = (
				6ED497F32A866DDF004885A5 /* SearchByLocationAssembler.swift */,
				6ED497F42A866DDF004885A5 /* SearchByLocationNavigator.swift */,
				6ED497F52A866DDF004885A5 /* SearchByLocationUseCase.swift */,
				6ED497F62A866DDF004885A5 /* SearchByLocationViewController.swift */,
				6ED497F72A866DDF004885A5 /* SearchByLocationViewModel.swift */,
			);
			path = Location;
			sourceTree = "<group>";
		};
		9886FDF07277817AF264ADE7 /* Frameworks */ = {
			isa = PBXGroup;
			children = (
				E112FD19CC3546FD323A8D3D /* Pods_PropertyHero.framework */,
			);
			name = Frameworks;
			sourceTree = "<group>";
		};
/* End PBXGroup section */

/* Begin PBXNativeTarget section */
		6E08B2F42A7EAC8000C3EE35 /* PropertyHero */ = {
			isa = PBXNativeTarget;
			buildConfigurationList = 6E08B3402A7EAC8300C3EE35 /* Build configuration list for PBXNativeTarget "PropertyHero" */;
			buildPhases = (
				C98CE6AD20C65559B1E18557 /* [CP] Check Pods Manifest.lock */,
				6E08B2F12A7EAC8000C3EE35 /* Sources */,
				6E08B2F22A7EAC8000C3EE35 /* Frameworks */,
				6E08B2F32A7EAC8000C3EE35 /* Resources */,
				7A3F245A29B2B48BC16E7D3C /* [CP] Embed Pods Frameworks */,
				24EAA51AB6F702BB72F78B93 /* [CP] Copy Pods Resources */,
			);
			buildRules = (
			);
			dependencies = (
			);
			name = PropertyHero;
			productName = PropertyHero;
			productReference = 6E08B2F52A7EAC8000C3EE35 /* PropertyHero.app */;
			productType = "com.apple.product-type.application";
		};
/* End PBXNativeTarget section */

/* Begin PBXProject section */
		6E08B2ED2A7EAC8000C3EE35 /* Project object */ = {
			isa = PBXProject;
			attributes = {
				BuildIndependentTargetsInParallel = 1;
				LastSwiftUpdateCheck = 1420;
				LastUpgradeCheck = 1420;
				TargetAttributes = {
					6E08B2F42A7EAC8000C3EE35 = {
						CreatedOnToolsVersion = 14.2;
					};
				};
			};
			buildConfigurationList = 6E08B2F02A7EAC8000C3EE35 /* Build configuration list for PBXProject "PropertyHero" */;
			compatibilityVersion = "Xcode 13.0";
			developmentRegion = en;
			hasScannedForEncodings = 0;
			knownRegions = (
				en,
				vi,
			);
			mainGroup = 6E08B2EC2A7EAC8000C3EE35;
			productRefGroup = 6E08B2F62A7EAC8000C3EE35 /* Products */;
			projectDirPath = "";
			projectRoot = "";
			targets = (
				6E08B2F42A7EAC8000C3EE35 /* PropertyHero */,
			);
		};
/* End PBXProject section */

/* Begin PBXResourcesBuildPhase section */
		6E08B2F32A7EAC8000C3EE35 /* Resources */ = {
			isa = PBXResourcesBuildPhase;
			buildActionMask = 2147483647;
			files = (
				6E14D6D52A88CA1E002E4900 /* AreaSectionCell.xib in Resources */,
				6EBE4ADF2A8905EE0005B23F /* Product.storyboard in Resources */,
				6ECC2A522A7F7B470053130A /* HeaderCell.xib in Resources */,
				6EA4D2862A87E06D00DDCDCD /* MarkerCell.xib in Resources */,
				6E14D6BC2A88893C002E4900 /* EmptyDataView.xib in Resources */,
				6E14D6A42A887A4D002E4900 /* CoomingSoonView.xib in Resources */,
				6EB5B0982A7FFAA6004AAB38 /* Map.storyboard in Resources */,
				6E08B3272A7EAC8000C3EE35 /* Main.storyboard in Resources */,
				6EBC244A2A7EB8C900E58B2E /* Assets.xcassets in Resources */,
				6EBE4AF12A8914CF0005B23F /* ProductCell.xib in Resources */,
				6ED1487C2A85119600763797 /* Localizable.strings in Resources */,
				6ECB45602A88CBCA005D1B33 /* AreaCell.xib in Resources */,
				6EBC24862A7EBD9000E58B2E /* Splash.storyboard in Resources */,
				6EB5B0892A7FF5F6004AAB38 /* GoogleService-Info.plist in Resources */,
			);
			runOnlyForDeploymentPostprocessing = 0;
		};
/* End PBXResourcesBuildPhase section */

/* Begin PBXShellScriptBuildPhase section */
		24EAA51AB6F702BB72F78B93 /* [CP] Copy Pods Resources */ = {
			isa = PBXShellScriptBuildPhase;
			buildActionMask = 2147483647;
			files = (
			);
			inputFileListPaths = (
				"${PODS_ROOT}/Target Support Files/Pods-PropertyHero/Pods-PropertyHero-resources-${CONFIGURATION}-input-files.xcfilelist",
			);
			name = "[CP] Copy Pods Resources";
			outputFileListPaths = (
				"${PODS_ROOT}/Target Support Files/Pods-PropertyHero/Pods-PropertyHero-resources-${CONFIGURATION}-output-files.xcfilelist",
			);
			runOnlyForDeploymentPostprocessing = 0;
			shellPath = /bin/sh;
			shellScript = "\"${PODS_ROOT}/Target Support Files/Pods-PropertyHero/Pods-PropertyHero-resources.sh\"\n";
			showEnvVarsInLog = 0;
		};
		7A3F245A29B2B48BC16E7D3C /* [CP] Embed Pods Frameworks */ = {
			isa = PBXShellScriptBuildPhase;
			buildActionMask = 2147483647;
			files = (
			);
			inputFileListPaths = (
				"${PODS_ROOT}/Target Support Files/Pods-PropertyHero/Pods-PropertyHero-frameworks-${CONFIGURATION}-input-files.xcfilelist",
			);
			name = "[CP] Embed Pods Frameworks";
			outputFileListPaths = (
				"${PODS_ROOT}/Target Support Files/Pods-PropertyHero/Pods-PropertyHero-frameworks-${CONFIGURATION}-output-files.xcfilelist",
			);
			runOnlyForDeploymentPostprocessing = 0;
			shellPath = /bin/sh;
			shellScript = "\"${PODS_ROOT}/Target Support Files/Pods-PropertyHero/Pods-PropertyHero-frameworks.sh\"\n";
			showEnvVarsInLog = 0;
		};
		C98CE6AD20C65559B1E18557 /* [CP] Check Pods Manifest.lock */ = {
			isa = PBXShellScriptBuildPhase;
			buildActionMask = 2147483647;
			files = (
			);
			inputFileListPaths = (
			);
			inputPaths = (
				"${PODS_PODFILE_DIR_PATH}/Podfile.lock",
				"${PODS_ROOT}/Manifest.lock",
			);
			name = "[CP] Check Pods Manifest.lock";
			outputFileListPaths = (
			);
			outputPaths = (
				"$(DERIVED_FILE_DIR)/Pods-PropertyHero-checkManifestLockResult.txt",
			);
			runOnlyForDeploymentPostprocessing = 0;
			shellPath = /bin/sh;
			shellScript = "diff \"${PODS_PODFILE_DIR_PATH}/Podfile.lock\" \"${PODS_ROOT}/Manifest.lock\" > /dev/null\nif [ $? != 0 ] ; then\n    # print error to STDERR\n    echo \"error: The sandbox is not in sync with the Podfile.lock. Run 'pod install' or update your CocoaPods installation.\" >&2\n    exit 1\nfi\n# This output is used by Xcode 'outputs' to avoid re-running this script phase.\necho \"SUCCESS\" > \"${SCRIPT_OUTPUT_FILE_0}\"\n";
			showEnvVarsInLog = 0;
		};
/* End PBXShellScriptBuildPhase section */

/* Begin PBXSourcesBuildPhase section */
		6E08B2F12A7EAC8000C3EE35 /* Sources */ = {
			isa = PBXSourcesBuildPhase;
			buildActionMask = 2147483647;
			files = (
				6EB5B0942A7FFA54004AAB38 /* MapViewUseCase.swift in Sources */,
				6EBE4AEA2A8906800005B23F /* ProductListUseCase.swift in Sources */,
				6EBE4AE92A8906800005B23F /* ProductListNavigator.swift in Sources */,
				6E83F42A2A7F6AC8002D9BD8 /* CollectionViewController.swift in Sources */,
				6E83F4292A7F6AC8002D9BD8 /* CollectionUseCase.swift in Sources */,
				6E08B3042A7EAC8000C3EE35 /* APIUrls.swift in Sources */,
				6ED497F22A866DC3004885A5 /* SearchByMarkerViewModel.swift in Sources */,
				6EB5B09A2A7FFAC7004AAB38 /* Storyboards+Map.swift in Sources */,
				6E08B32B2A7EAC8000C3EE35 /* MainAssembler.swift in Sources */,
				6EB5B0922A7FFA54004AAB38 /* MapViewAssembler.swift in Sources */,
				6E14D6AF2A88819A002E4900 /* ProductViewViewController.swift in Sources */,
				6E08B3112A7EAC8000C3EE35 /* APIInput.swift in Sources */,
				6ED497EF2A866DC3004885A5 /* SearchByMarkerNavigator.swift in Sources */,
				6ED497F12A866DC3004885A5 /* SearchByMarkerViewController.swift in Sources */,
				6E14D6AD2A88819A002E4900 /* ProductViewNavigator.swift in Sources */,
				6ED148922A85347C00763797 /* DefaultStorage.swift in Sources */,
				6E83F43B2A7F6AF6002D9BD8 /* MoreAssembler.swift in Sources */,
				6EBC24852A7EBD9000E58B2E /* SplashViewModel.swift in Sources */,
				6E83F40F2A7F6A2F002D9BD8 /* HomeAssembler.swift in Sources */,
				6EA473E62A8798D700D23143 /* GetLocation.swift in Sources */,
				6EB8EB062A8446CB0055BEFD /* SearchInfo.swift in Sources */,
				6EA4D2852A87E06D00DDCDCD /* MarkerCell.swift in Sources */,
				6ED497FB2A866DDF004885A5 /* SearchByLocationViewController.swift in Sources */,
				6ECC2A512A7F7B470053130A /* HeaderCell.swift in Sources */,
				6EBE4AEC2A8906800005B23F /* ProductListViewModel.swift in Sources */,
				6E83F41F2A7F6AA4002D9BD8 /* SearchUseCase.swift in Sources */,
				6E14D6B62A8881B0002E4900 /* FavoriteAssembler.swift in Sources */,
				6EBC24842A7EBD9000E58B2E /* SplashViewController.swift in Sources */,
				6ECC2A5F2A7F7E6C0053130A /* SectionLayout.swift in Sources */,
				6E14D6A22A887A20002E4900 /* CoomingSoonView.swift in Sources */,
				6ECC2A562A7F7D660053130A /* Banner.swift in Sources */,
				6EBE4AEB2A8906800005B23F /* ProductListViewController.swift in Sources */,
				6ED497FC2A866DDF004885A5 /* SearchByLocationViewModel.swift in Sources */,
				6E83F4482A7F6EFF002D9BD8 /* NotificationViewController.swift in Sources */,
				6EA473EA2A87A45A00D23143 /* Marker.swift in Sources */,
				6EB8EB042A8445880055BEFD /* ProductGateway.swift in Sources */,
				6E08B3292A7EAC8000C3EE35 /* Storyboards+Main.swift in Sources */,
				6E83F43C2A7F6AF6002D9BD8 /* MoreNavigator.swift in Sources */,
				6E14D6D42A88CA1E002E4900 /* AreaSectionCell.swift in Sources */,
				6EBC248A2A7EBD9000E58B2E /* SplashNavigator.swift in Sources */,
				6E08B3312A7EAC8000C3EE35 /* MainViewController.swift in Sources */,
				6EBC24712A7EBCD500E58B2E /* UIImageView+SDWebImage.swift in Sources */,
				6EBE4AF02A8914CF0005B23F /* ProductCell.swift in Sources */,
				6E83F4132A7F6A2F002D9BD8 /* HomeViewModel.swift in Sources */,
				6E14D6CC2A88AC82002E4900 /* PageIndicator.swift in Sources */,
				6EBC245E2A7EB8CA00E58B2E /* AppDelegate.swift in Sources */,
				6E83F43F2A7F6AF6002D9BD8 /* MoreViewModel.swift in Sources */,
				6EBE4AE82A8906800005B23F /* ProductListAssembler.swift in Sources */,
				6E83F41D2A7F6AA4002D9BD8 /* SearchAssembler.swift in Sources */,
				6EA473E22A8796DA00D23143 /* API+Location.swift in Sources */,
				6ED497F82A866DDF004885A5 /* SearchByLocationAssembler.swift in Sources */,
				6ECC2A6C2A7F89C10053130A /* CategoryGateway.swift in Sources */,
				6E83F4272A7F6AC8002D9BD8 /* CollectionAssembler.swift in Sources */,
				6E08B32F2A7EAC8000C3EE35 /* MainUseCase.swift in Sources */,
				6ECC2A672A7F847C0053130A /* EmptyDataView.swift in Sources */,
				6E14D6BE2A8894C4002E4900 /* UINavigationController+.swift in Sources */,
				6EB5B0952A7FFA54004AAB38 /* MapViewViewController.swift in Sources */,
				6ECC2A5C2A7F7E6C0053130A /* LayoutOptions.swift in Sources */,
				6E83F43E2A7F6AF6002D9BD8 /* MoreViewController.swift in Sources */,
				6EB5B0962A7FFA54004AAB38 /* MapViewViewModel.swift in Sources */,
				6E08B3182A7EAC8000C3EE35 /* GatewaysAssembler.swift in Sources */,
				6E08B32D2A7EAC8000C3EE35 /* MainNavigator.swift in Sources */,
				6EA473E02A8796A800D23143 /* Province.swift in Sources */,
				6EBC24772A7EBCD500E58B2E /* UIImage.swift in Sources */,
				6ECB455F2A88CBCA005D1B33 /* AreaCell.swift in Sources */,
				6ECC2A632A7F84110053130A /* UICollectionView+.swift in Sources */,
				6ED497FA2A866DDF004885A5 /* SearchByLocationUseCase.swift in Sources */,
				6EBC24762A7EBCD500E58B2E /* UIViewController+Rx.swift in Sources */,
				6E08B3132A7EAC8000C3EE35 /* APIOutput.swift in Sources */,
				6EBE4ADA2A8905D00005B23F /* ProductNavigator.swift in Sources */,
				6EBC24752A7EBCD500E58B2E /* UILabel+.swift in Sources */,
				6E14D6B02A88819A002E4900 /* ProductViewViewModel.swift in Sources */,
				6EA473E82A879B1E00D23143 /* UITableView+.swift in Sources */,
				6ECC2A4B2A7F775A0053130A /* Constants.swift in Sources */,
				6EBC24502A7EB8C900E58B2E /* Assembler.swift in Sources */,
				6EBE4ADB2A8905D00005B23F /* ProductUseCase.swift in Sources */,
				6ED497F02A866DC3004885A5 /* SearchByMarkerUseCase.swift in Sources */,
				6E14D6AC2A88819A002E4900 /* ProductViewAssembler.swift in Sources */,
				6EBC24742A7EBCD500E58B2E /* UIViewController+.swift in Sources */,
				6ED497F92A866DDF004885A5 /* SearchByLocationNavigator.swift in Sources */,
				6E83F4102A7F6A2F002D9BD8 /* HomeNavigator.swift in Sources */,
				6ECC2A5D2A7F7E6C0053130A /* PageSectionViewModel.swift in Sources */,
				6EBC24782A7EBCD500E58B2E /* UIApplication.swift in Sources */,
				6EBC247B2A7EBCD500E58B2E /* Utils.swift in Sources */,
				6E83F4122A7F6A2F002D9BD8 /* HomeViewController.swift in Sources */,
				6EA473E42A87983800D23143 /* LocationGateway.swift in Sources */,
				6E14D6CB2A88AC82002E4900 /* CardView.swift in Sources */,
				6E14D6CE2A88ACA2002E4900 /* DesignableUITextField.swift in Sources */,
				6E83F4462A7F6EFF002D9BD8 /* NotificationNavigator.swift in Sources */,
				6E14D6BA2A8881B0002E4900 /* FavoriteViewModel.swift in Sources */,
				6E08B3332A7EAC8000C3EE35 /* MainViewModel.swift in Sources */,
				6E14D6B92A8881B0002E4900 /* FavoriteViewController.swift in Sources */,
				6EBC24892A7EBD9000E58B2E /* SplashUseCase.swift in Sources */,
				6EBE4AE12A8906090005B23F /* Storyboards+Product.swift in Sources */,
				6ED497EE2A866DC3004885A5 /* SearchByMarkerAssembler.swift in Sources */,
				6E83F4202A7F6AA4002D9BD8 /* SearchViewController.swift in Sources */,
				6E14D6B82A8881B0002E4900 /* FavoriteUseCase.swift in Sources */,
				6E08B31B2A7EAC8000C3EE35 /* Storyboards.swift in Sources */,
				6EB8EB022A84451C0055BEFD /* GetProduct.swift in Sources */,
				6ECC2A542A7F7B470053130A /* HeaderSectionLayout.swift in Sources */,
				6EA4D2892A87E0C600DDCDCD /* PageTableCell.swift in Sources */,
				6EBE4ADD2A8905D00005B23F /* ProductViewModel.swift in Sources */,
				6EBE4AD92A8905D00005B23F /* ProductAssembler.swift in Sources */,
				6EBC24872A7EBD9000E58B2E /* Storyboards+Splash.swift in Sources */,
				6E08B30F2A7EAC8000C3EE35 /* APIError.swift in Sources */,
				6EBC24882A7EBD9000E58B2E /* SplashAssembler.swift in Sources */,
				6EB8EB002A84442C0055BEFD /* Product.swift in Sources */,
				6E83F4282A7F6AC8002D9BD8 /* CollectionNavigator.swift in Sources */,
				6E83F4112A7F6A2F002D9BD8 /* HomeUseCase.swift in Sources */,
				6E83F4472A7F6EFF002D9BD8 /* NotificationUseCase.swift in Sources */,
				6E83F4452A7F6EFF002D9BD8 /* NotificationAssembler.swift in Sources */,
				6ED1489E2A85349500763797 /* String+LocalizedBundleTableName.swift in Sources */,
				6E83F42B2A7F6AC8002D9BD8 /* CollectionViewModel.swift in Sources */,
				6E08B3152A7EAC8000C3EE35 /* APIService.swift in Sources */,
				6E83F4212A7F6AA4002D9BD8 /* SearchViewModel.swift in Sources */,
				6EBC24722A7EBCD500E58B2E /* UIView+.swift in Sources */,
				6E14D6AE2A88819A002E4900 /* ProductViewUseCase.swift in Sources */,
				6ECC2A6E2A7F8A480053130A /* API+Category.swift in Sources */,
				6E14D6D12A88B538002E4900 /* AreaSectionLayout.swift in Sources */,
				6ED362462A8A558300AAF5AF /* District.swift in Sources */,
				6E14D6B72A8881B0002E4900 /* FavoriteNavigator.swift in Sources */,
				6EBC24792A7EBCD500E58B2E /* UIColor+.swift in Sources */,
				6E83F43D2A7F6AF6002D9BD8 /* MoreUseCase.swift in Sources */,
				6EBC247A2A7EBCD500E58B2E /* Dimension.swift in Sources */,
				6ED1489C2A85349500763797 /* Localize.swift in Sources */,
				6ED1489B2A85349500763797 /* String+LocalizeTableName.swift in Sources */,
				6ED1489D2A85349500763797 /* String+LocalizeBundle.swift in Sources */,
				6E83F4082A7F5A5B002D9BD8 /* TabLayout.swift in Sources */,
				6ECC2A5E2A7F7E6C0053130A /* PageCollectionCell.swift in Sources */,
				6E83F41E2A7F6AA4002D9BD8 /* SearchNavigator.swift in Sources */,
				6ED1489A2A85349500763797 /* IBDesignable+Localize.swift in Sources */,
				6EB8EAFE2A8441600055BEFD /* API+Product.swift in Sources */,
				6EB5B0932A7FFA54004AAB38 /* MapViewNavigator.swift in Sources */,
				6ECC2A6A2A7F89360053130A /* GetCategory.swift in Sources */,
				6E83F4492A7F6EFF002D9BD8 /* NotificationViewModel.swift in Sources */,
				6EBE4ADC2A8905D00005B23F /* ProductViewController.swift in Sources */,
			);
			runOnlyForDeploymentPostprocessing = 0;
		};
/* End PBXSourcesBuildPhase section */

/* Begin PBXVariantGroup section */
		6ED1487E2A85119600763797 /* Localizable.strings */ = {
			isa = PBXVariantGroup;
			children = (
				6ED1487D2A85119600763797 /* vi */,
				6EA473EB2A87B83200D23143 /* en */,
			);
			name = Localizable.strings;
			sourceTree = "<group>";
		};
/* End PBXVariantGroup section */

/* Begin XCBuildConfiguration section */
		6E08B33E2A7EAC8300C3EE35 /* Debug */ = {
			isa = XCBuildConfiguration;
			buildSettings = {
				ALWAYS_SEARCH_USER_PATHS = NO;
				CLANG_ANALYZER_NONNULL = YES;
				CLANG_ANALYZER_NUMBER_OBJECT_CONVERSION = YES_AGGRESSIVE;
				CLANG_CXX_LANGUAGE_STANDARD = "gnu++20";
				CLANG_ENABLE_MODULES = YES;
				CLANG_ENABLE_OBJC_ARC = YES;
				CLANG_ENABLE_OBJC_WEAK = YES;
				CLANG_WARN_BLOCK_CAPTURE_AUTORELEASING = YES;
				CLANG_WARN_BOOL_CONVERSION = YES;
				CLANG_WARN_COMMA = YES;
				CLANG_WARN_CONSTANT_CONVERSION = YES;
				CLANG_WARN_DEPRECATED_OBJC_IMPLEMENTATIONS = YES;
				CLANG_WARN_DIRECT_OBJC_ISA_USAGE = YES_ERROR;
				CLANG_WARN_DOCUMENTATION_COMMENTS = YES;
				CLANG_WARN_EMPTY_BODY = YES;
				CLANG_WARN_ENUM_CONVERSION = YES;
				CLANG_WARN_INFINITE_RECURSION = YES;
				CLANG_WARN_INT_CONVERSION = YES;
				CLANG_WARN_NON_LITERAL_NULL_CONVERSION = YES;
				CLANG_WARN_OBJC_IMPLICIT_RETAIN_SELF = YES;
				CLANG_WARN_OBJC_LITERAL_CONVERSION = YES;
				CLANG_WARN_OBJC_ROOT_CLASS = YES_ERROR;
				CLANG_WARN_QUOTED_INCLUDE_IN_FRAMEWORK_HEADER = YES;
				CLANG_WARN_RANGE_LOOP_ANALYSIS = YES;
				CLANG_WARN_STRICT_PROTOTYPES = YES;
				CLANG_WARN_SUSPICIOUS_MOVE = YES;
				CLANG_WARN_UNGUARDED_AVAILABILITY = YES_AGGRESSIVE;
				CLANG_WARN_UNREACHABLE_CODE = YES;
				CLANG_WARN__DUPLICATE_METHOD_MATCH = YES;
				COPY_PHASE_STRIP = NO;
				DEBUG_INFORMATION_FORMAT = dwarf;
				ENABLE_STRICT_OBJC_MSGSEND = YES;
				ENABLE_TESTABILITY = YES;
				GCC_C_LANGUAGE_STANDARD = gnu11;
				GCC_DYNAMIC_NO_PIC = NO;
				GCC_NO_COMMON_BLOCKS = YES;
				GCC_OPTIMIZATION_LEVEL = 0;
				GCC_PREPROCESSOR_DEFINITIONS = (
					"DEBUG=1",
					"$(inherited)",
				);
				GCC_WARN_64_TO_32_BIT_CONVERSION = YES;
				GCC_WARN_ABOUT_RETURN_TYPE = YES_ERROR;
				GCC_WARN_UNDECLARED_SELECTOR = YES;
				GCC_WARN_UNINITIALIZED_AUTOS = YES_AGGRESSIVE;
				GCC_WARN_UNUSED_FUNCTION = YES;
				GCC_WARN_UNUSED_VARIABLE = YES;
				IPHONEOS_DEPLOYMENT_TARGET = 16.2;
				MTL_ENABLE_DEBUG_INFO = INCLUDE_SOURCE;
				MTL_FAST_MATH = YES;
				ONLY_ACTIVE_ARCH = YES;
				SDKROOT = iphoneos;
				SWIFT_ACTIVE_COMPILATION_CONDITIONS = DEBUG;
				SWIFT_OPTIMIZATION_LEVEL = "-Onone";
			};
			name = Debug;
		};
		6E08B33F2A7EAC8300C3EE35 /* Release */ = {
			isa = XCBuildConfiguration;
			buildSettings = {
				ALWAYS_SEARCH_USER_PATHS = NO;
				CLANG_ANALYZER_NONNULL = YES;
				CLANG_ANALYZER_NUMBER_OBJECT_CONVERSION = YES_AGGRESSIVE;
				CLANG_CXX_LANGUAGE_STANDARD = "gnu++20";
				CLANG_ENABLE_MODULES = YES;
				CLANG_ENABLE_OBJC_ARC = YES;
				CLANG_ENABLE_OBJC_WEAK = YES;
				CLANG_WARN_BLOCK_CAPTURE_AUTORELEASING = YES;
				CLANG_WARN_BOOL_CONVERSION = YES;
				CLANG_WARN_COMMA = YES;
				CLANG_WARN_CONSTANT_CONVERSION = YES;
				CLANG_WARN_DEPRECATED_OBJC_IMPLEMENTATIONS = YES;
				CLANG_WARN_DIRECT_OBJC_ISA_USAGE = YES_ERROR;
				CLANG_WARN_DOCUMENTATION_COMMENTS = YES;
				CLANG_WARN_EMPTY_BODY = YES;
				CLANG_WARN_ENUM_CONVERSION = YES;
				CLANG_WARN_INFINITE_RECURSION = YES;
				CLANG_WARN_INT_CONVERSION = YES;
				CLANG_WARN_NON_LITERAL_NULL_CONVERSION = YES;
				CLANG_WARN_OBJC_IMPLICIT_RETAIN_SELF = YES;
				CLANG_WARN_OBJC_LITERAL_CONVERSION = YES;
				CLANG_WARN_OBJC_ROOT_CLASS = YES_ERROR;
				CLANG_WARN_QUOTED_INCLUDE_IN_FRAMEWORK_HEADER = YES;
				CLANG_WARN_RANGE_LOOP_ANALYSIS = YES;
				CLANG_WARN_STRICT_PROTOTYPES = YES;
				CLANG_WARN_SUSPICIOUS_MOVE = YES;
				CLANG_WARN_UNGUARDED_AVAILABILITY = YES_AGGRESSIVE;
				CLANG_WARN_UNREACHABLE_CODE = YES;
				CLANG_WARN__DUPLICATE_METHOD_MATCH = YES;
				COPY_PHASE_STRIP = NO;
				DEBUG_INFORMATION_FORMAT = "dwarf-with-dsym";
				ENABLE_NS_ASSERTIONS = NO;
				ENABLE_STRICT_OBJC_MSGSEND = YES;
				GCC_C_LANGUAGE_STANDARD = gnu11;
				GCC_NO_COMMON_BLOCKS = YES;
				GCC_WARN_64_TO_32_BIT_CONVERSION = YES;
				GCC_WARN_ABOUT_RETURN_TYPE = YES_ERROR;
				GCC_WARN_UNDECLARED_SELECTOR = YES;
				GCC_WARN_UNINITIALIZED_AUTOS = YES_AGGRESSIVE;
				GCC_WARN_UNUSED_FUNCTION = YES;
				GCC_WARN_UNUSED_VARIABLE = YES;
				IPHONEOS_DEPLOYMENT_TARGET = 16.2;
				MTL_ENABLE_DEBUG_INFO = NO;
				MTL_FAST_MATH = YES;
				SDKROOT = iphoneos;
				SWIFT_COMPILATION_MODE = wholemodule;
				SWIFT_OPTIMIZATION_LEVEL = "-O";
				VALIDATE_PRODUCT = YES;
			};
			name = Release;
		};
		6E08B3412A7EAC8300C3EE35 /* Debug */ = {
			isa = XCBuildConfiguration;
			baseConfigurationReference = A984F581DE5D708779DAF076 /* Pods-PropertyHero.debug.xcconfig */;
			buildSettings = {
				ASSETCATALOG_COMPILER_APPICON_NAME = AppIcon;
				ASSETCATALOG_COMPILER_GLOBAL_ACCENT_COLOR_NAME = AccentColor;
				CODE_SIGN_STYLE = Automatic;
				CURRENT_PROJECT_VERSION = 1;
				DEVELOPMENT_TEAM = 3KXMVDL2D2;
				GENERATE_INFOPLIST_FILE = YES;
				INFOPLIST_FILE = PropertyHero/Info.plist;
				INFOPLIST_KEY_CFBundleDisplayName = "Property Hero";
				INFOPLIST_KEY_NSLocationWhenInUseUsageDescription = "Định vị người dùng để cung cấp danh sách doanh nghiệp lân cận.";
				INFOPLIST_KEY_UIApplicationSupportsIndirectInputEvents = YES;
				INFOPLIST_KEY_UILaunchStoryboardName = Splash;
				INFOPLIST_KEY_UIStatusBarStyle = UIStatusBarStyleDefault;
				INFOPLIST_KEY_UISupportedInterfaceOrientations = "UIInterfaceOrientationPortrait UIInterfaceOrientationPortraitUpsideDown";
				INFOPLIST_KEY_UISupportedInterfaceOrientations_iPad = "UIInterfaceOrientationLandscapeLeft UIInterfaceOrientationLandscapeRight UIInterfaceOrientationPortrait UIInterfaceOrientationPortraitUpsideDown";
				IPHONEOS_DEPLOYMENT_TARGET = 14.0;
				LD_RUNPATH_SEARCH_PATHS = (
					"$(inherited)",
					"@executable_path/Frameworks",
				);
				MARKETING_VERSION = 1.0.0;
				PRODUCT_BUNDLE_IDENTIFIER = com.gomicorp.propertyhero;
				PRODUCT_NAME = "$(TARGET_NAME)";
				SWIFT_EMIT_LOC_STRINGS = YES;
				SWIFT_VERSION = 5.0;
				TARGETED_DEVICE_FAMILY = "1,2";
			};
			name = Debug;
		};
		6E08B3422A7EAC8300C3EE35 /* Release */ = {
			isa = XCBuildConfiguration;
			baseConfigurationReference = 0273A0E7BE90C7DB1DAE3C45 /* Pods-PropertyHero.release.xcconfig */;
			buildSettings = {
				ASSETCATALOG_COMPILER_APPICON_NAME = AppIcon;
				ASSETCATALOG_COMPILER_GLOBAL_ACCENT_COLOR_NAME = AccentColor;
				CODE_SIGN_STYLE = Automatic;
				CURRENT_PROJECT_VERSION = 1;
				DEVELOPMENT_TEAM = 3KXMVDL2D2;
				GENERATE_INFOPLIST_FILE = YES;
				INFOPLIST_FILE = PropertyHero/Info.plist;
				INFOPLIST_KEY_CFBundleDisplayName = "Property Hero";
				INFOPLIST_KEY_NSLocationWhenInUseUsageDescription = "Định vị người dùng để cung cấp danh sách doanh nghiệp lân cận.";
				INFOPLIST_KEY_UIApplicationSupportsIndirectInputEvents = YES;
				INFOPLIST_KEY_UILaunchStoryboardName = Splash;
				INFOPLIST_KEY_UIStatusBarStyle = UIStatusBarStyleDefault;
				INFOPLIST_KEY_UISupportedInterfaceOrientations = "UIInterfaceOrientationPortrait UIInterfaceOrientationPortraitUpsideDown";
				INFOPLIST_KEY_UISupportedInterfaceOrientations_iPad = "UIInterfaceOrientationLandscapeLeft UIInterfaceOrientationLandscapeRight UIInterfaceOrientationPortrait UIInterfaceOrientationPortraitUpsideDown";
				IPHONEOS_DEPLOYMENT_TARGET = 14.0;
				LD_RUNPATH_SEARCH_PATHS = (
					"$(inherited)",
					"@executable_path/Frameworks",
				);
				MARKETING_VERSION = 1.0.0;
				PRODUCT_BUNDLE_IDENTIFIER = com.gomicorp.propertyhero;
				PRODUCT_NAME = "$(TARGET_NAME)";
				SWIFT_EMIT_LOC_STRINGS = YES;
				SWIFT_VERSION = 5.0;
				TARGETED_DEVICE_FAMILY = "1,2";
			};
			name = Release;
		};
/* End XCBuildConfiguration section */

/* Begin XCConfigurationList section */
		6E08B2F02A7EAC8000C3EE35 /* Build configuration list for PBXProject "PropertyHero" */ = {
			isa = XCConfigurationList;
			buildConfigurations = (
				6E08B33E2A7EAC8300C3EE35 /* Debug */,
				6E08B33F2A7EAC8300C3EE35 /* Release */,
			);
			defaultConfigurationIsVisible = 0;
			defaultConfigurationName = Release;
		};
		6E08B3402A7EAC8300C3EE35 /* Build configuration list for PBXNativeTarget "PropertyHero" */ = {
			isa = XCConfigurationList;
			buildConfigurations = (
				6E08B3412A7EAC8300C3EE35 /* Debug */,
				6E08B3422A7EAC8300C3EE35 /* Release */,
			);
			defaultConfigurationIsVisible = 0;
			defaultConfigurationName = Release;
		};
/* End XCConfigurationList section */
	};
	rootObject = 6E08B2ED2A7EAC8000C3EE35 /* Project object */;
}
